// !$*UTF8*$!
{
	archiveVersion = 1;
	classes = {
	};
	objectVersion = 46;
	objects = {

/* Begin PBXAggregateTarget section */
		233E2C640A83C768005A62DF /* Build & Copy */ = {
			isa = PBXAggregateTarget;
			buildConfigurationList = 233E2D890A83C7AC005A62DF /* Build configuration list for PBXAggregateTarget "Build & Copy" */;
			buildPhases = (
				233E2C690A83C783005A62DF /* ShellScript */,
			);
			dependencies = (
				233E2C660A83C76D005A62DF /* PBXTargetDependency */,
			);
			name = "Build & Copy";
			productName = "Build & Install";
		};
/* End PBXAggregateTarget section */

/* Begin PBXBuildFile section */
		16BA95420A7EB2EB001E4983 /* BBOSCPlugInSender.m in Sources */ = {isa = PBXBuildFile; fileRef = 16BA95410A7EB2EB001E4983 /* BBOSCPlugInSender.m */; };
		16BA96310A7EB9AC001E4983 /* Quartz.framework in Frameworks */ = {isa = PBXBuildFile; fileRef = 16BA96300A7EB9AC001E4983 /* Quartz.framework */; };
		8D5B49B4048680CD000E48DA /* Cocoa.framework in Frameworks */ = {isa = PBXBuildFile; fileRef = 1058C7ADFEA557BF11CA2CBB /* Cocoa.framework */; };
		FC5208D710567C0500FE3004 /* VVOSC.framework in Frameworks */ = {isa = PBXBuildFile; fileRef = FC5208D010567BED00FE3004 /* VVOSC.framework */; };
		FC52092410567D0300FE3004 /* VVOSC.framework in CopyFiles */ = {isa = PBXBuildFile; fileRef = FC5208D010567BED00FE3004 /* VVOSC.framework */; };
		FC5209AC1056853800FE3004 /* BBOSCPluginReceiver.m in Sources */ = {isa = PBXBuildFile; fileRef = FC5209AB1056853800FE3004 /* BBOSCPluginReceiver.m */; };
		FC520AD61056B6F200FE3004 /* BWToolkitFramework.framework in Frameworks */ = {isa = PBXBuildFile; fileRef = FC520AD51056B6F200FE3004 /* BWToolkitFramework.framework */; };
		FC520AD91056B6FD00FE3004 /* BWToolkitFramework.framework in CopyFiles */ = {isa = PBXBuildFile; fileRef = FC520AD51056B6F200FE3004 /* BWToolkitFramework.framework */; };
		FC520B0A1056B90000FE3004 /* BBOSCSettings.xib in Resources */ = {isa = PBXBuildFile; fileRef = FC520AC11056B56400FE3004 /* BBOSCSettings.xib */; };
		FC520BFC1057E69B00FE3004 /* NSArrayExtensions.m in Sources */ = {isa = PBXBuildFile; fileRef = FC520BFB1057E69B00FE3004 /* NSArrayExtensions.m */; };
		FC520CFB1058085100FE3004 /* BBOSCViewController.m in Sources */ = {isa = PBXBuildFile; fileRef = FC520CFA1058085100FE3004 /* BBOSCViewController.m */; };
/* End PBXBuildFile section */

/* Begin PBXContainerItemProxy section */
		233E2C650A83C76D005A62DF /* PBXContainerItemProxy */ = {
			isa = PBXContainerItemProxy;
			containerPortal = 089C1669FE841209C02AAC07 /* Project object */;
			proxyType = 1;
			remoteGlobalIDString = 8D5B49AC048680CD000E48DA;
			remoteInfo = BBOSC;
		};
		FC5208CD10567BED00FE3004 /* PBXContainerItemProxy */ = {
			isa = PBXContainerItemProxy;
			containerPortal = FC5208BF10567BED00FE3004 /* VVOSC.xcodeproj */;
			proxyType = 2;
			remoteGlobalIDString = 963E71D00E993BB9007CF9D8 /* VVOSCTester.app */;
			remoteInfo = VVOSCTester;
		};
		FC5208CF10567BED00FE3004 /* PBXContainerItemProxy */ = {
			isa = PBXContainerItemProxy;
			containerPortal = FC5208BF10567BED00FE3004 /* VVOSC.xcodeproj */;
			proxyType = 2;
			remoteGlobalIDString = 8DC2EF5B0486A6940098B216 /* VVOSC.framework */;
			remoteInfo = "VVOSC framework";
		};
		FC5208D110567BED00FE3004 /* PBXContainerItemProxy */ = {
			isa = PBXContainerItemProxy;
			containerPortal = FC5208BF10567BED00FE3004 /* VVOSC.xcodeproj */;
			proxyType = 2;
			remoteGlobalIDString = 96EB122C0EFAA64300B2D581 /* libVVOSC.a */;
			remoteInfo = "VVOSC-iPhone sim";
		};
		FC5208D310567BED00FE3004 /* PBXContainerItemProxy */ = {
			isa = PBXContainerItemProxy;
			containerPortal = FC5208BF10567BED00FE3004 /* VVOSC.xcodeproj */;
			proxyType = 2;
			remoteGlobalIDString = 967FDE3C0EFAA6A600BCF87E /* libVVOSC.a */;
			remoteInfo = "VVOSC-iPhone dev";
		};
		FC5208D510567BED00FE3004 /* PBXContainerItemProxy */ = {
			isa = PBXContainerItemProxy;
			containerPortal = FC5208BF10567BED00FE3004 /* VVOSC.xcodeproj */;
			proxyType = 2;
			remoteGlobalIDString = 96A059B40EFACDDB00E82377 /* libVVOSC.a */;
			remoteInfo = "VVOSC-os x";
		};
		FC5208EC10567C6C00FE3004 /* PBXContainerItemProxy */ = {
			isa = PBXContainerItemProxy;
			containerPortal = FC5208BF10567BED00FE3004 /* VVOSC.xcodeproj */;
			proxyType = 1;
			remoteGlobalIDString = 8DC2EF4F0486A6940098B216 /* VVOSC framework */;
			remoteInfo = "VVOSC framework";
		};
/* End PBXContainerItemProxy section */

/* Begin PBXCopyFilesBuildPhase section */
		FC52092A10567D0600FE3004 /* CopyFiles */ = {
			isa = PBXCopyFilesBuildPhase;
			buildActionMask = 2147483647;
			dstPath = "";
			dstSubfolderSpec = 10;
			files = (
				FC520AD91056B6FD00FE3004 /* BWToolkitFramework.framework in CopyFiles */,
				FC52092410567D0300FE3004 /* VVOSC.framework in CopyFiles */,
			);
			runOnlyForDeploymentPostprocessing = 0;
		};
/* End PBXCopyFilesBuildPhase section */

/* Begin PBXFileReference section */
		1058C7ADFEA557BF11CA2CBB /* Cocoa.framework */ = {isa = PBXFileReference; lastKnownFileType = wrapper.framework; name = Cocoa.framework; path = /System/Library/Frameworks/Cocoa.framework; sourceTree = "<absolute>"; };
		16AA5C440A7EEE7300888E31 /* BBOSC_Prefix.pch */ = {isa = PBXFileReference; fileEncoding = 30; lastKnownFileType = sourcecode.c.h; path = BBOSC_Prefix.pch; sourceTree = "<group>"; };
		16BA95400A7EB2EB001E4983 /* BBOSCPlugInSender.h */ = {isa = PBXFileReference; fileEncoding = 30; lastKnownFileType = sourcecode.c.h; path = BBOSCPlugInSender.h; sourceTree = "<group>"; };
		16BA95410A7EB2EB001E4983 /* BBOSCPlugInSender.m */ = {isa = PBXFileReference; fileEncoding = 30; lastKnownFileType = sourcecode.c.objc; path = BBOSCPlugInSender.m; sourceTree = "<group>"; };
		16BA96300A7EB9AC001E4983 /* Quartz.framework */ = {isa = PBXFileReference; lastKnownFileType = wrapper.framework; name = Quartz.framework; path = /System/Library/Frameworks/Quartz.framework; sourceTree = "<absolute>"; };
		8D5B49B6048680CD000E48DA /* BBOSC.plugin */ = {isa = PBXFileReference; explicitFileType = wrapper.cfbundle; includeInIndex = 0; path = BBOSC.plugin; sourceTree = BUILT_PRODUCTS_DIR; };
		8D5B49B7048680CD000E48DA /* Info.plist */ = {isa = PBXFileReference; fileEncoding = 4; lastKnownFileType = text.plist.xml; path = Info.plist; sourceTree = "<group>"; };
		FC5208BF10567BED00FE3004 /* VVOSC.xcodeproj */ = {isa = PBXFileReference; lastKnownFileType = "wrapper.pb-project"; name = VVOSC.xcodeproj; path = vvosc/VVOSC.xcodeproj; sourceTree = "<group>"; };
		FC52093510567D6200FE3004 /* Project-Base.xcconfig */ = {isa = PBXFileReference; fileEncoding = 4; lastKnownFileType = text.xcconfig; name = "Project-Base.xcconfig"; path = "/Code/Config/Project-Base.xcconfig"; sourceTree = "<absolute>"; };
		FC52093610567D6200FE3004 /* Project-Debug.xcconfig */ = {isa = PBXFileReference; fileEncoding = 4; lastKnownFileType = text.xcconfig; name = "Project-Debug.xcconfig"; path = "/Code/Config/Project-Debug.xcconfig"; sourceTree = "<absolute>"; };
		FC52093710567D6200FE3004 /* Project-Release.xcconfig */ = {isa = PBXFileReference; fileEncoding = 4; lastKnownFileType = text.xcconfig; name = "Project-Release.xcconfig"; path = "/Code/Config/Project-Release.xcconfig"; sourceTree = "<absolute>"; };
		FC52093810567D6200FE3004 /* Target-Base.xcconfig */ = {isa = PBXFileReference; fileEncoding = 4; lastKnownFileType = text.xcconfig; name = "Target-Base.xcconfig"; path = "/Code/Config/Target-Base.xcconfig"; sourceTree = "<absolute>"; };
		FC52093910567D6200FE3004 /* Target-QCPlugin.xcconfig */ = {isa = PBXFileReference; fileEncoding = 4; lastKnownFileType = text.xcconfig; name = "Target-QCPlugin.xcconfig"; path = "/Code/Config/Target-QCPlugin.xcconfig"; sourceTree = "<absolute>"; };
		FC5209AA1056853800FE3004 /* BBOSCPluginReceiver.h */ = {isa = PBXFileReference; fileEncoding = 4; lastKnownFileType = sourcecode.c.h; path = BBOSCPluginReceiver.h; sourceTree = "<group>"; };
		FC5209AB1056853800FE3004 /* BBOSCPluginReceiver.m */ = {isa = PBXFileReference; fileEncoding = 4; lastKnownFileType = sourcecode.c.objc; path = BBOSCPluginReceiver.m; sourceTree = "<group>"; };
		FC520AC11056B56400FE3004 /* BBOSCSettings.xib */ = {isa = PBXFileReference; lastKnownFileType = file.xib; path = BBOSCSettings.xib; sourceTree = "<group>"; };
		FC520AD51056B6F200FE3004 /* BWToolkitFramework.framework */ = {isa = PBXFileReference; lastKnownFileType = wrapper.framework; name = BWToolkitFramework.framework; path = lib/BWToolkitFramework.framework; sourceTree = "<group>"; };
		FC520BFA1057E69B00FE3004 /* NSArrayExtensions.h */ = {isa = PBXFileReference; fileEncoding = 4; lastKnownFileType = sourcecode.c.h; path = NSArrayExtensions.h; sourceTree = "<group>"; };
		FC520BFB1057E69B00FE3004 /* NSArrayExtensions.m */ = {isa = PBXFileReference; fileEncoding = 4; lastKnownFileType = sourcecode.c.objc; path = NSArrayExtensions.m; sourceTree = "<group>"; };
		FC520CF91058085100FE3004 /* BBOSCViewController.h */ = {isa = PBXFileReference; fileEncoding = 4; lastKnownFileType = sourcecode.c.h; path = BBOSCViewController.h; sourceTree = "<group>"; };
		FC520CFA1058085100FE3004 /* BBOSCViewController.m */ = {isa = PBXFileReference; fileEncoding = 4; lastKnownFileType = sourcecode.c.objc; path = BBOSCViewController.m; sourceTree = "<group>"; };
/* End PBXFileReference section */

/* Begin PBXFrameworksBuildPhase section */
		8D5B49B3048680CD000E48DA /* Frameworks */ = {
			isa = PBXFrameworksBuildPhase;
			buildActionMask = 2147483647;
			files = (
				FC5208D710567C0500FE3004 /* VVOSC.framework in Frameworks */,
				8D5B49B4048680CD000E48DA /* Cocoa.framework in Frameworks */,
				16BA96310A7EB9AC001E4983 /* Quartz.framework in Frameworks */,
				FC520AD61056B6F200FE3004 /* BWToolkitFramework.framework in Frameworks */,
			);
			runOnlyForDeploymentPostprocessing = 0;
		};
/* End PBXFrameworksBuildPhase section */

/* Begin PBXGroup section */
		089C166AFE841209C02AAC07 /* Quartz Composer Plug In */ = {
			isa = PBXGroup;
			children = (
				FC52093410567D4300FE3004 /* Build Config */,
				FC5208BF10567BED00FE3004 /* VVOSC.xcodeproj */,
				08FB77AFFE84173DC02AAC07 /* Classes */,
				32C88E010371C26100C91783 /* Other Sources */,
				089C167CFE841241C02AAC07 /* Resources */,
				089C1671FE841209C02AAC07 /* Frameworks */,
				19C28FB8FE9D52D311CA2CBB /* Products */,
			);
			name = "Quartz Composer Plug In";
			sourceTree = "<group>";
		};
		089C1671FE841209C02AAC07 /* Frameworks */ = {
			isa = PBXGroup;
			children = (
				FC520AD51056B6F200FE3004 /* BWToolkitFramework.framework */,
				16BA96300A7EB9AC001E4983 /* Quartz.framework */,
				1058C7ADFEA557BF11CA2CBB /* Cocoa.framework */,
			);
			name = Frameworks;
			sourceTree = "<group>";
		};
		089C167CFE841241C02AAC07 /* Resources */ = {
			isa = PBXGroup;
			children = (
				8D5B49B7048680CD000E48DA /* Info.plist */,
				FC520AC11056B56400FE3004 /* BBOSCSettings.xib */,
			);
			name = Resources;
			sourceTree = "<group>";
		};
		08FB77AFFE84173DC02AAC07 /* Classes */ = {
			isa = PBXGroup;
			children = (
				16BA95400A7EB2EB001E4983 /* BBOSCPlugInSender.h */,
				16BA95410A7EB2EB001E4983 /* BBOSCPlugInSender.m */,
				FC5209AA1056853800FE3004 /* BBOSCPluginReceiver.h */,
				FC5209AB1056853800FE3004 /* BBOSCPluginReceiver.m */,
				FC520BFA1057E69B00FE3004 /* NSArrayExtensions.h */,
				FC520BFB1057E69B00FE3004 /* NSArrayExtensions.m */,
				FC520CF91058085100FE3004 /* BBOSCViewController.h */,
				FC520CFA1058085100FE3004 /* BBOSCViewController.m */,
			);
			name = Classes;
			sourceTree = "<group>";
		};
		19C28FB8FE9D52D311CA2CBB /* Products */ = {
			isa = PBXGroup;
			children = (
				8D5B49B6048680CD000E48DA /* BBOSC.plugin */,
			);
			name = Products;
			sourceTree = "<group>";
		};
		32C88E010371C26100C91783 /* Other Sources */ = {
			isa = PBXGroup;
			children = (
				16AA5C440A7EEE7300888E31 /* BBOSC_Prefix.pch */,
			);
			name = "Other Sources";
			sourceTree = "<group>";
		};
		FC5208C010567BED00FE3004 /* Products */ = {
			isa = PBXGroup;
			children = (
				FC5208CE10567BED00FE3004 /* VVOSCTester.app */,
				FC5208D010567BED00FE3004 /* VVOSC.framework */,
				FC5208D210567BED00FE3004 /* libVVOSC.a */,
				FC5208D410567BED00FE3004 /* libVVOSC.a */,
				FC5208D610567BED00FE3004 /* libVVOSC.a */,
			);
			name = Products;
			sourceTree = "<group>";
		};
		FC52093410567D4300FE3004 /* Build Config */ = {
			isa = PBXGroup;
			children = (
				FC52093510567D6200FE3004 /* Project-Base.xcconfig */,
				FC52093610567D6200FE3004 /* Project-Debug.xcconfig */,
				FC52093710567D6200FE3004 /* Project-Release.xcconfig */,
				FC52093810567D6200FE3004 /* Target-Base.xcconfig */,
				FC52093910567D6200FE3004 /* Target-QCPlugin.xcconfig */,
			);
			name = "Build Config";
			sourceTree = "<group>";
		};
/* End PBXGroup section */

/* Begin PBXNativeTarget section */
		8D5B49AC048680CD000E48DA /* BBOSC */ = {
			isa = PBXNativeTarget;
			buildConfigurationList = 1DEB913A08733D840010E9CD /* Build configuration list for PBXNativeTarget "BBOSC" */;
			buildPhases = (
				8D5B49B1048680CD000E48DA /* Sources */,
				8D5B49B3048680CD000E48DA /* Frameworks */,
				FC52092A10567D0600FE3004 /* CopyFiles */,
				FC520B241056B97100FE3004 /* Resources */,
			);
			buildRules = (
			);
			dependencies = (
				FC5208ED10567C6C00FE3004 /* PBXTargetDependency */,
			);
			name = BBOSC;
			productInstallPath = "$(HOME)/Library/Bundles";
			productName = "Quartz Composer Plug In";
			productReference = 8D5B49B6048680CD000E48DA /* BBOSC.plugin */;
			productType = "com.apple.product-type.bundle";
		};
/* End PBXNativeTarget section */

/* Begin PBXProject section */
		089C1669FE841209C02AAC07 /* Project object */ = {
			isa = PBXProject;
			buildConfigurationList = 1DEB913E08733D840010E9CD /* Build configuration list for PBXProject "BBOSC" */;
			compatibilityVersion = "Xcode 3.2";
			hasScannedForEncodings = 1;
			mainGroup = 089C166AFE841209C02AAC07 /* Quartz Composer Plug In */;
			projectDirPath = "";
			projectReferences = (
				{
					ProductGroup = FC5208C010567BED00FE3004 /* Products */;
					ProjectRef = FC5208BF10567BED00FE3004 /* VVOSC.xcodeproj */;
				},
			);
			projectRoot = "";
			targets = (
				8D5B49AC048680CD000E48DA /* BBOSC */,
				233E2C640A83C768005A62DF /* Build & Copy */,
			);
		};
/* End PBXProject section */

/* Begin PBXReferenceProxy section */
		FC5208CE10567BED00FE3004 /* VVOSCTester.app */ = {
			isa = PBXReferenceProxy;
			fileType = wrapper.application;
			path = VVOSCTester.app;
			remoteRef = FC5208CD10567BED00FE3004 /* PBXContainerItemProxy */;
			sourceTree = BUILT_PRODUCTS_DIR;
		};
		FC5208D010567BED00FE3004 /* VVOSC.framework */ = {
			isa = PBXReferenceProxy;
			fileType = wrapper.framework;
			path = VVOSC.framework;
			remoteRef = FC5208CF10567BED00FE3004 /* PBXContainerItemProxy */;
			sourceTree = BUILT_PRODUCTS_DIR;
		};
		FC5208D210567BED00FE3004 /* libVVOSC.a */ = {
			isa = PBXReferenceProxy;
			fileType = archive.ar;
			path = libVVOSC.a;
			remoteRef = FC5208D110567BED00FE3004 /* PBXContainerItemProxy */;
			sourceTree = BUILT_PRODUCTS_DIR;
		};
		FC5208D410567BED00FE3004 /* libVVOSC.a */ = {
			isa = PBXReferenceProxy;
			fileType = archive.ar;
			path = libVVOSC.a;
			remoteRef = FC5208D310567BED00FE3004 /* PBXContainerItemProxy */;
			sourceTree = BUILT_PRODUCTS_DIR;
		};
		FC5208D610567BED00FE3004 /* libVVOSC.a */ = {
			isa = PBXReferenceProxy;
			fileType = archive.ar;
			path = libVVOSC.a;
			remoteRef = FC5208D510567BED00FE3004 /* PBXContainerItemProxy */;
			sourceTree = BUILT_PRODUCTS_DIR;
		};
/* End PBXReferenceProxy section */

/* Begin PBXResourcesBuildPhase section */
		FC520B241056B97100FE3004 /* Resources */ = {
			isa = PBXResourcesBuildPhase;
			buildActionMask = 2147483647;
			files = (
				FC520B0A1056B90000FE3004 /* BBOSCSettings.xib in Resources */,
			);
			runOnlyForDeploymentPostprocessing = 0;
		};
/* End PBXResourcesBuildPhase section */

/* Begin PBXShellScriptBuildPhase section */
		233E2C690A83C783005A62DF /* ShellScript */ = {
			isa = PBXShellScriptBuildPhase;
			buildActionMask = 2147483647;
			files = (
			);
			inputPaths = (
			);
			outputPaths = (
			);
			runOnlyForDeploymentPostprocessing = 0;
			shellPath = /bin/sh;
			shellScript = "# This shell script simply copies the built plug-in to \"~/Library/Graphics/Quartz Composer Plug-Ins\" and overrides any previous version at that location\n\nmkdir -p \"$USER_LIBRARY_DIR/Graphics/Quartz Composer Plug-Ins\"\nrm -rf \"$USER_LIBRARY_DIR/Graphics/Quartz Composer Plug-Ins/BBOSC.plugin\"\ncp -rf \"$BUILT_PRODUCTS_DIR/BBOSC.plugin\" \"$USER_LIBRARY_DIR/Graphics/Quartz Composer Plug-Ins/\"\n";
		};
/* End PBXShellScriptBuildPhase section */

/* Begin PBXSourcesBuildPhase section */
		8D5B49B1048680CD000E48DA /* Sources */ = {
			isa = PBXSourcesBuildPhase;
			buildActionMask = 2147483647;
			files = (
				16BA95420A7EB2EB001E4983 /* BBOSCPlugInSender.m in Sources */,
				FC5209AC1056853800FE3004 /* BBOSCPluginReceiver.m in Sources */,
				FC520BFC1057E69B00FE3004 /* NSArrayExtensions.m in Sources */,
				FC520CFB1058085100FE3004 /* BBOSCViewController.m in Sources */,
			);
			runOnlyForDeploymentPostprocessing = 0;
		};
/* End PBXSourcesBuildPhase section */

/* Begin PBXTargetDependency section */
		233E2C660A83C76D005A62DF /* PBXTargetDependency */ = {
			isa = PBXTargetDependency;
			target = 8D5B49AC048680CD000E48DA /* BBOSC */;
			targetProxy = 233E2C650A83C76D005A62DF /* PBXContainerItemProxy */;
		};
		FC5208ED10567C6C00FE3004 /* PBXTargetDependency */ = {
			isa = PBXTargetDependency;
			name = "VVOSC framework";
			targetProxy = FC5208EC10567C6C00FE3004 /* PBXContainerItemProxy */;
		};
/* End PBXTargetDependency section */

/* Begin XCBuildConfiguration section */
		1DEB913B08733D840010E9CD /* Debug */ = {
			isa = XCBuildConfiguration;
			baseConfigurationReference = FC52093910567D6200FE3004 /* Target-QCPlugin.xcconfig */;
			buildSettings = {
				COPY_PHASE_STRIP = NO;
				FRAMEWORK_SEARCH_PATHS = (
					"$(inherited)",
					"\"$(SRCROOT)/lib\"",
				);
				GCC_DYNAMIC_NO_PIC = NO;
				GCC_ENABLE_FIX_AND_CONTINUE = YES;
				GCC_ENABLE_OBJC_GC = supported;
				GCC_MODEL_TUNING = G5;
				GCC_OPTIMIZATION_LEVEL = 0;
				GCC_PRECOMPILE_PREFIX_HEADER = YES;
				GCC_PREFIX_HEADER = BBOSC_Prefix.pch;
				INFOPLIST_FILE = Info.plist;
				INSTALL_PATH = "$(HOME)/Library/Graphics/Quartz Composer Plug-Ins";
				PRODUCT_NAME = BBOSC;
				WRAPPER_EXTENSION = plugin;
				ZERO_LINK = YES;
			};
			name = Debug;
		};
		1DEB913C08733D840010E9CD /* Release */ = {
			isa = XCBuildConfiguration;
			baseConfigurationReference = FC52093910567D6200FE3004 /* Target-QCPlugin.xcconfig */;
			buildSettings = {
				DEBUG_INFORMATION_FORMAT = "dwarf-with-dsym";
				FRAMEWORK_SEARCH_PATHS = (
					"$(inherited)",
					"\"$(SRCROOT)/lib\"",
				);
				GCC_ENABLE_OBJC_GC = supported;
				GCC_MODEL_TUNING = G5;
				GCC_PRECOMPILE_PREFIX_HEADER = YES;
				GCC_PREFIX_HEADER = BBOSC_Prefix.pch;
				INFOPLIST_FILE = Info.plist;
				INSTALL_PATH = "$(HOME)/Library/Graphics/Quartz Composer Plug-Ins";
				PRODUCT_NAME = BBOSC;
				WRAPPER_EXTENSION = plugin;
			};
			name = Release;
		};
		1DEB913F08733D840010E9CD /* Debug */ = {
			isa = XCBuildConfiguration;
			baseConfigurationReference = FC52093610567D6200FE3004 /* Project-Debug.xcconfig */;
			buildSettings = {
				ARCHS = "$(ARCHS_STANDARD_32_64_BIT)";
				GCC_C_LANGUAGE_STANDARD = c99;
				GCC_VERSION = com.apple.compilers.llvm.clang.1_0;
				GCC_WARN_ABOUT_RETURN_TYPE = YES;
				GCC_WARN_UNUSED_VARIABLE = YES;
				MACOSX_DEPLOYMENT_TARGET = 10.6;
				ONLY_ACTIVE_ARCH = YES;
				SDKROOT = macosx10.6;
			};
			name = Debug;
		};
		1DEB914008733D840010E9CD /* Release */ = {
			isa = XCBuildConfiguration;
			baseConfigurationReference = FC52093710567D6200FE3004 /* Project-Release.xcconfig */;
			buildSettings = {
				ARCHS = "$(ARCHS_STANDARD_32_64_BIT)";
				GCC_C_LANGUAGE_STANDARD = c99;
				GCC_VERSION = com.apple.compilers.llvm.clang.1_0;
				GCC_WARN_ABOUT_RETURN_TYPE = YES;
				GCC_WARN_UNUSED_VARIABLE = YES;
				SDKROOT = macosx10.6;
			};
			name = Release;
		};
		233E2D8A0A83C7AC005A62DF /* Debug */ = {
			isa = XCBuildConfiguration;
			buildSettings = {
				PRODUCT_NAME = "Build & Install";
			};
			name = Debug;
		};
		233E2D8B0A83C7AC005A62DF /* Release */ = {
			isa = XCBuildConfiguration;
			buildSettings = {
				PRODUCT_NAME = "Build & Install";
			};
			name = Release;
		};
/* End XCBuildConfiguration section */

/* Begin XCConfigurationList section */
		1DEB913A08733D840010E9CD /* Build configuration list for PBXNativeTarget "BBOSC" */ = {
			isa = XCConfigurationList;
			buildConfigurations = (
				1DEB913B08733D840010E9CD /* Debug */,
				1DEB913C08733D840010E9CD /* Release */,
			);
			defaultConfigurationIsVisible = 0;
			defaultConfigurationName = Release;
		};
		1DEB913E08733D840010E9CD /* Build configuration list for PBXProject "BBOSC" */ = {
			isa = XCConfigurationList;
			buildConfigurations = (
				1DEB913F08733D840010E9CD /* Debug */,
				1DEB914008733D840010E9CD /* Release */,
			);
			defaultConfigurationIsVisible = 0;
			defaultConfigurationName = Release;
		};
		233E2D890A83C7AC005A62DF /* Build configuration list for PBXAggregateTarget "Build & Copy" */ = {
			isa = XCConfigurationList;
			buildConfigurations = (
				233E2D8A0A83C7AC005A62DF /* Debug */,
				233E2D8B0A83C7AC005A62DF /* Release */,
			);
			defaultConfigurationIsVisible = 0;
			defaultConfigurationName = Release;
		};
/* End XCConfigurationList section */
	};
	rootObject = 089C1669FE841209C02AAC07 /* Project object */;
}
