// !$*UTF8*$!
{
	archiveVersion = 1;
	classes = {
	};
	objectVersion = 45;
	objects = {

/* Begin PBXAggregateTarget section */
		962BCA060EFAE639006C3EFA /* Install VVOSC SDK */ = {
			isa = PBXAggregateTarget;
			buildConfigurationList = 962BCA150EFAE662006C3EFA /* Build configuration list for PBXAggregateTarget "Install VVOSC SDK" */;
			buildPhases = (
				962BCA050EFAE639006C3EFA /* ShellScript */,
			);
			dependencies = (
				962BCA140EFAE644006C3EFA /* PBXTargetDependency */,
			);
			name = "Install VVOSC SDK";
			productName = "INSTALL SDK";
		};
		963059C30F03305400517B22 /* ALL */ = {
			isa = PBXAggregateTarget;
			buildConfigurationList = 963059D30F03308A00517B22 /* Build configuration list for PBXAggregateTarget "ALL" */;
			buildPhases = (
			);
			dependencies = (
				963059C70F03306900517B22 /* PBXTargetDependency */,
				963059C90F03307200517B22 /* PBXTargetDependency */,
			);
			name = ALL;
			productName = ALL;
		};
		96EA49330EFAA91400AB3763 /* Compile VVOSC SDK */ = {
			isa = PBXAggregateTarget;
			buildConfigurationList = 96EA49370EFAA91E00AB3763 /* Build configuration list for PBXAggregateTarget "Compile VVOSC SDK" */;
			buildPhases = (
				96EA49320EFAA91400AB3763 /* ShellScript */,
			);
			dependencies = (
				96EA49470EFAAAC300AB3763 /* PBXTargetDependency */,
				96EF82DA0EFAB4A500E8AF16 /* PBXTargetDependency */,
				96EF82DC0EFAB4A700E8AF16 /* PBXTargetDependency */,
				96A059E30EFAD06500E82377 /* PBXTargetDependency */,
			);
			name = "Compile VVOSC SDK";
			productName = "Assemble Frameworks";
		};
/* End PBXAggregateTarget section */

/* Begin PBXBuildFile section */
		8DC2EF530486A6940098B216 /* InfoPlist.strings in Resources */ = {isa = PBXBuildFile; fileRef = 089C1666FE841158C02AAC07 /* InfoPlist.strings */; };
		8DC2EF570486A6940098B216 /* Cocoa.framework in Frameworks */ = {isa = PBXBuildFile; fileRef = 1058C7B1FEA5585E11CA2CBB /* Cocoa.framework */; };
		9609B8140E993EBF0095836C /* VVOSC.framework in Frameworks */ = {isa = PBXBuildFile; fileRef = 8DC2EF5B0486A6940098B216 /* VVOSC.framework */; };
		9609B8530E9940940095836C /* VVOSC.framework in CopyFiles */ = {isa = PBXBuildFile; fileRef = 8DC2EF5B0486A6940098B216 /* VVOSC.framework */; };
		9612C1910EEF81FC00BAD514 /* OSCZeroConfManager.m in Sources */ = {isa = PBXBuildFile; fileRef = 9612C18D0EEF81FC00BAD514 /* OSCZeroConfManager.m */; };
		9612C1920EEF81FC00BAD514 /* OSCZeroConfDomain.m in Sources */ = {isa = PBXBuildFile; fileRef = 9612C18E0EEF81FC00BAD514 /* OSCZeroConfDomain.m */; };
		9612C1930EEF81FC00BAD514 /* OSCZeroConfManager.h in Headers */ = {isa = PBXBuildFile; fileRef = 9612C18F0EEF81FC00BAD514 /* OSCZeroConfManager.h */; settings = {ATTRIBUTES = (Public, ); }; };
		9612C1940EEF81FC00BAD514 /* OSCZeroConfDomain.h in Headers */ = {isa = PBXBuildFile; fileRef = 9612C1900EEF81FC00BAD514 /* OSCZeroConfDomain.h */; settings = {ATTRIBUTES = (Public, ); }; };
		963E71E20E993BFB007CF9D8 /* main.m in Sources */ = {isa = PBXBuildFile; fileRef = 965392010E85C89100A719BF /* main.m */; };
		963E71E30E993BFB007CF9D8 /* AppController.m in Sources */ = {isa = PBXBuildFile; fileRef = 965392170E85F5DD00A719BF /* AppController.m */; };
		963E71E40E993BFC007CF9D8 /* MyOSCManager.m in Sources */ = {isa = PBXBuildFile; fileRef = 96E3DF0D0E9685F700B706F8 /* MyOSCManager.m */; };
		963E71E50E993BFD007CF9D8 /* OSCInPortRetainsRaw.m in Sources */ = {isa = PBXBuildFile; fileRef = 96E3DF0A0E96802000B706F8 /* OSCInPortRetainsRaw.m */; };
		963E71EA0E993C35007CF9D8 /* MainMenu.xib in Resources */ = {isa = PBXBuildFile; fileRef = 965392040E85C8BA00A719BF /* MainMenu.xib */; };
		963E72050E993CF6007CF9D8 /* Cocoa.framework in Frameworks */ = {isa = PBXBuildFile; fileRef = 1058C7B1FEA5585E11CA2CBB /* Cocoa.framework */; };
		963E72060E993CF6007CF9D8 /* AppKit.framework in Frameworks */ = {isa = PBXBuildFile; fileRef = 0867D6A5FE840307C02AAC07 /* AppKit.framework */; };
		964687D90E884F4E00CCC231 /* OSCOutPort.m in Sources */ = {isa = PBXBuildFile; fileRef = 964687CD0E884F4E00CCC231 /* OSCOutPort.m */; };
		964687DA0E884F4E00CCC231 /* OSCOutPort.h in Headers */ = {isa = PBXBuildFile; fileRef = 964687CE0E884F4E00CCC231 /* OSCOutPort.h */; settings = {ATTRIBUTES = (Public, ); }; };
		964687DB0E884F4E00CCC231 /* OSCInPort.h in Headers */ = {isa = PBXBuildFile; fileRef = 964687CF0E884F4E00CCC231 /* OSCInPort.h */; settings = {ATTRIBUTES = (Public, ); }; };
		964687DC0E884F4E00CCC231 /* OSCManager.h in Headers */ = {isa = PBXBuildFile; fileRef = 964687D00E884F4E00CCC231 /* OSCManager.h */; settings = {ATTRIBUTES = (Public, ); }; };
		964687DD0E884F4E00CCC231 /* OSCMessage.h in Headers */ = {isa = PBXBuildFile; fileRef = 964687D10E884F4E00CCC231 /* OSCMessage.h */; settings = {ATTRIBUTES = (Public, ); }; };
		964687DE0E884F4E00CCC231 /* OSCPacket.m in Sources */ = {isa = PBXBuildFile; fileRef = 964687D20E884F4E00CCC231 /* OSCPacket.m */; };
		964687DF0E884F4E00CCC231 /* OSCInPort.m in Sources */ = {isa = PBXBuildFile; fileRef = 964687D30E884F4E00CCC231 /* OSCInPort.m */; };
		964687E00E884F4E00CCC231 /* OSCBundle.h in Headers */ = {isa = PBXBuildFile; fileRef = 964687D40E884F4E00CCC231 /* OSCBundle.h */; settings = {ATTRIBUTES = (Public, ); }; };
		964687E10E884F4E00CCC231 /* OSCBundle.m in Sources */ = {isa = PBXBuildFile; fileRef = 964687D50E884F4E00CCC231 /* OSCBundle.m */; };
		964687E20E884F4E00CCC231 /* OSCPacket.h in Headers */ = {isa = PBXBuildFile; fileRef = 964687D60E884F4E00CCC231 /* OSCPacket.h */; settings = {ATTRIBUTES = (Public, ); }; };
		964687E30E884F4E00CCC231 /* OSCManager.m in Sources */ = {isa = PBXBuildFile; fileRef = 964687D70E884F4E00CCC231 /* OSCManager.m */; };
		964687E40E884F4E00CCC231 /* OSCMessage.m in Sources */ = {isa = PBXBuildFile; fileRef = 964687D80E884F4E00CCC231 /* OSCMessage.m */; };
		9652EDFA0F52290A006A23AB /* MutLockArray.m in Sources */ = {isa = PBXBuildFile; fileRef = 9652EDF80F52290A006A23AB /* MutLockArray.m */; };
		9652EDFB0F52290A006A23AB /* MutLockArray.h in Headers */ = {isa = PBXBuildFile; fileRef = 9652EDF90F52290A006A23AB /* MutLockArray.h */; };
		9652EDFC0F52290A006A23AB /* MutLockArray.m in Sources */ = {isa = PBXBuildFile; fileRef = 9652EDF80F52290A006A23AB /* MutLockArray.m */; };
		9652EDFD0F52290A006A23AB /* MutLockArray.h in Headers */ = {isa = PBXBuildFile; fileRef = 9652EDF90F52290A006A23AB /* MutLockArray.h */; settings = {ATTRIBUTES = (); }; };
		9652EDFE0F52290A006A23AB /* MutLockArray.m in Sources */ = {isa = PBXBuildFile; fileRef = 9652EDF80F52290A006A23AB /* MutLockArray.m */; };
		9652EDFF0F52290A006A23AB /* MutLockArray.h in Headers */ = {isa = PBXBuildFile; fileRef = 9652EDF90F52290A006A23AB /* MutLockArray.h */; };
		9652EE000F52290A006A23AB /* MutLockArray.m in Sources */ = {isa = PBXBuildFile; fileRef = 9652EDF80F52290A006A23AB /* MutLockArray.m */; };
		9652EE010F52290A006A23AB /* MutLockArray.h in Headers */ = {isa = PBXBuildFile; fileRef = 9652EDF90F52290A006A23AB /* MutLockArray.h */; };
		9652EE080F522A44006A23AB /* OSCNode.h in Headers */ = {isa = PBXBuildFile; fileRef = 9652EE060F522A44006A23AB /* OSCNode.h */; };
		9652EE090F522A44006A23AB /* OSCNode.m in Sources */ = {isa = PBXBuildFile; fileRef = 9652EE070F522A44006A23AB /* OSCNode.m */; };
		9652EE0A0F522A44006A23AB /* OSCNode.h in Headers */ = {isa = PBXBuildFile; fileRef = 9652EE060F522A44006A23AB /* OSCNode.h */; settings = {ATTRIBUTES = (Public, ); }; };
		9652EE0B0F522A44006A23AB /* OSCNode.m in Sources */ = {isa = PBXBuildFile; fileRef = 9652EE070F522A44006A23AB /* OSCNode.m */; };
		9652EE0C0F522A44006A23AB /* OSCNode.h in Headers */ = {isa = PBXBuildFile; fileRef = 9652EE060F522A44006A23AB /* OSCNode.h */; };
		9652EE0D0F522A44006A23AB /* OSCNode.m in Sources */ = {isa = PBXBuildFile; fileRef = 9652EE070F522A44006A23AB /* OSCNode.m */; };
		9652EE0E0F522A44006A23AB /* OSCNode.h in Headers */ = {isa = PBXBuildFile; fileRef = 9652EE060F522A44006A23AB /* OSCNode.h */; };
		9652EE0F0F522A44006A23AB /* OSCNode.m in Sources */ = {isa = PBXBuildFile; fileRef = 9652EE070F522A44006A23AB /* OSCNode.m */; };
		9653921A0E85F60E00A719BF /* VVOSC.h in Headers */ = {isa = PBXBuildFile; fileRef = 965392190E85F60E00A719BF /* VVOSC.h */; settings = {ATTRIBUTES = (Public, ); }; };
		966A89F20F536D1400188EB7 /* OSCStringAdditions.h in Headers */ = {isa = PBXBuildFile; fileRef = 966A89F00F536D1400188EB7 /* OSCStringAdditions.h */; };
		966A89F30F536D1400188EB7 /* OSCStringAdditions.m in Sources */ = {isa = PBXBuildFile; fileRef = 966A89F10F536D1400188EB7 /* OSCStringAdditions.m */; };
		966A89F40F536D1400188EB7 /* OSCStringAdditions.h in Headers */ = {isa = PBXBuildFile; fileRef = 966A89F00F536D1400188EB7 /* OSCStringAdditions.h */; };
		966A89F50F536D1400188EB7 /* OSCStringAdditions.m in Sources */ = {isa = PBXBuildFile; fileRef = 966A89F10F536D1400188EB7 /* OSCStringAdditions.m */; };
		966A89F60F536D1400188EB7 /* OSCStringAdditions.h in Headers */ = {isa = PBXBuildFile; fileRef = 966A89F00F536D1400188EB7 /* OSCStringAdditions.h */; settings = {ATTRIBUTES = (Public, ); }; };
		966A89F70F536D1400188EB7 /* OSCStringAdditions.m in Sources */ = {isa = PBXBuildFile; fileRef = 966A89F10F536D1400188EB7 /* OSCStringAdditions.m */; };
		966A89F80F536D1400188EB7 /* OSCStringAdditions.h in Headers */ = {isa = PBXBuildFile; fileRef = 966A89F00F536D1400188EB7 /* OSCStringAdditions.h */; };
		966A89F90F536D1400188EB7 /* OSCStringAdditions.m in Sources */ = {isa = PBXBuildFile; fileRef = 966A89F10F536D1400188EB7 /* OSCStringAdditions.m */; };
		966B7DBF0F5721FB00AA5AB5 /* ThreadLoop.m in Sources */ = {isa = PBXBuildFile; fileRef = 966B7DBD0F5721FB00AA5AB5 /* ThreadLoop.m */; };
		966B7DC00F5721FB00AA5AB5 /* ThreadLoop.h in Headers */ = {isa = PBXBuildFile; fileRef = 966B7DBE0F5721FB00AA5AB5 /* ThreadLoop.h */; };
		966B7DC10F5721FB00AA5AB5 /* ThreadLoop.m in Sources */ = {isa = PBXBuildFile; fileRef = 966B7DBD0F5721FB00AA5AB5 /* ThreadLoop.m */; };
		966B7DC20F5721FB00AA5AB5 /* ThreadLoop.h in Headers */ = {isa = PBXBuildFile; fileRef = 966B7DBE0F5721FB00AA5AB5 /* ThreadLoop.h */; };
		966B7DC30F5721FB00AA5AB5 /* ThreadLoop.m in Sources */ = {isa = PBXBuildFile; fileRef = 966B7DBD0F5721FB00AA5AB5 /* ThreadLoop.m */; };
		966B7DC40F5721FB00AA5AB5 /* ThreadLoop.h in Headers */ = {isa = PBXBuildFile; fileRef = 966B7DBE0F5721FB00AA5AB5 /* ThreadLoop.h */; };
		966B7DC50F5721FB00AA5AB5 /* ThreadLoop.m in Sources */ = {isa = PBXBuildFile; fileRef = 966B7DBD0F5721FB00AA5AB5 /* ThreadLoop.m */; };
		966B7DC60F5721FB00AA5AB5 /* ThreadLoop.h in Headers */ = {isa = PBXBuildFile; fileRef = 966B7DBE0F5721FB00AA5AB5 /* ThreadLoop.h */; };
		967FDE460EFAA6AF00BCF87E /* OSCBundle.h in Headers */ = {isa = PBXBuildFile; fileRef = 964687D40E884F4E00CCC231 /* OSCBundle.h */; };
		967FDE470EFAA6B000BCF87E /* OSCBundle.m in Sources */ = {isa = PBXBuildFile; fileRef = 964687D50E884F4E00CCC231 /* OSCBundle.m */; };
		967FDE480EFAA6B000BCF87E /* OSCInPort.h in Headers */ = {isa = PBXBuildFile; fileRef = 964687CF0E884F4E00CCC231 /* OSCInPort.h */; };
		967FDE490EFAA6B000BCF87E /* OSCInPort.m in Sources */ = {isa = PBXBuildFile; fileRef = 964687D30E884F4E00CCC231 /* OSCInPort.m */; };
		967FDE4A0EFAA6B100BCF87E /* OSCManager.h in Headers */ = {isa = PBXBuildFile; fileRef = 964687D00E884F4E00CCC231 /* OSCManager.h */; };
		967FDE4B0EFAA6B100BCF87E /* OSCManager.m in Sources */ = {isa = PBXBuildFile; fileRef = 964687D70E884F4E00CCC231 /* OSCManager.m */; };
		967FDE4C0EFAA6B200BCF87E /* OSCMessage.h in Headers */ = {isa = PBXBuildFile; fileRef = 964687D10E884F4E00CCC231 /* OSCMessage.h */; };
		967FDE4D0EFAA6B200BCF87E /* OSCMessage.m in Sources */ = {isa = PBXBuildFile; fileRef = 964687D80E884F4E00CCC231 /* OSCMessage.m */; };
		967FDE4E0EFAA6B200BCF87E /* OSCOutPort.h in Headers */ = {isa = PBXBuildFile; fileRef = 964687CE0E884F4E00CCC231 /* OSCOutPort.h */; };
		967FDE4F0EFAA6B300BCF87E /* OSCOutPort.m in Sources */ = {isa = PBXBuildFile; fileRef = 964687CD0E884F4E00CCC231 /* OSCOutPort.m */; };
		967FDE500EFAA6B300BCF87E /* OSCPacket.h in Headers */ = {isa = PBXBuildFile; fileRef = 964687D60E884F4E00CCC231 /* OSCPacket.h */; };
		967FDE510EFAA6B400BCF87E /* OSCPacket.m in Sources */ = {isa = PBXBuildFile; fileRef = 964687D20E884F4E00CCC231 /* OSCPacket.m */; };
		967FDE520EFAA6B400BCF87E /* OSCZeroConfDomain.h in Headers */ = {isa = PBXBuildFile; fileRef = 9612C1900EEF81FC00BAD514 /* OSCZeroConfDomain.h */; };
		967FDE530EFAA6B500BCF87E /* OSCZeroConfDomain.m in Sources */ = {isa = PBXBuildFile; fileRef = 9612C18E0EEF81FC00BAD514 /* OSCZeroConfDomain.m */; };
		967FDE540EFAA6B500BCF87E /* OSCZeroConfManager.h in Headers */ = {isa = PBXBuildFile; fileRef = 9612C18F0EEF81FC00BAD514 /* OSCZeroConfManager.h */; };
		967FDE550EFAA6B500BCF87E /* OSCZeroConfManager.m in Sources */ = {isa = PBXBuildFile; fileRef = 9612C18D0EEF81FC00BAD514 /* OSCZeroConfManager.m */; };
		967FDE560EFAA6B600BCF87E /* VVOSC.h in Headers */ = {isa = PBXBuildFile; fileRef = 965392190E85F60E00A719BF /* VVOSC.h */; };
		969F5B9E0F505F7100430656 /* OSCValue.m in Sources */ = {isa = PBXBuildFile; fileRef = 969F5B980F505F7100430656 /* OSCValue.m */; };
		969F5BA00F505F7100430656 /* OSCValue.h in Headers */ = {isa = PBXBuildFile; fileRef = 969F5B9A0F505F7100430656 /* OSCValue.h */; };
		969F5BA10F505F7100430656 /* OSCAddressSpace.m in Sources */ = {isa = PBXBuildFile; fileRef = 969F5B9B0F505F7100430656 /* OSCAddressSpace.m */; };
		969F5BA20F505F7100430656 /* OSCAddressSpace.h in Headers */ = {isa = PBXBuildFile; fileRef = 969F5B9C0F505F7100430656 /* OSCAddressSpace.h */; };
		969F5BA40F505F7100430656 /* OSCValue.m in Sources */ = {isa = PBXBuildFile; fileRef = 969F5B980F505F7100430656 /* OSCValue.m */; };
		969F5BA60F505F7100430656 /* OSCValue.h in Headers */ = {isa = PBXBuildFile; fileRef = 969F5B9A0F505F7100430656 /* OSCValue.h */; };
		969F5BA70F505F7100430656 /* OSCAddressSpace.m in Sources */ = {isa = PBXBuildFile; fileRef = 969F5B9B0F505F7100430656 /* OSCAddressSpace.m */; };
		969F5BA80F505F7100430656 /* OSCAddressSpace.h in Headers */ = {isa = PBXBuildFile; fileRef = 969F5B9C0F505F7100430656 /* OSCAddressSpace.h */; };
		969F5BAA0F505F7100430656 /* OSCValue.m in Sources */ = {isa = PBXBuildFile; fileRef = 969F5B980F505F7100430656 /* OSCValue.m */; };
		969F5BAC0F505F7100430656 /* OSCValue.h in Headers */ = {isa = PBXBuildFile; fileRef = 969F5B9A0F505F7100430656 /* OSCValue.h */; };
		969F5BAD0F505F7100430656 /* OSCAddressSpace.m in Sources */ = {isa = PBXBuildFile; fileRef = 969F5B9B0F505F7100430656 /* OSCAddressSpace.m */; };
		969F5BAE0F505F7100430656 /* OSCAddressSpace.h in Headers */ = {isa = PBXBuildFile; fileRef = 969F5B9C0F505F7100430656 /* OSCAddressSpace.h */; };
		969F5BB00F505F7100430656 /* OSCValue.m in Sources */ = {isa = PBXBuildFile; fileRef = 969F5B980F505F7100430656 /* OSCValue.m */; };
		969F5BB20F505F7100430656 /* OSCValue.h in Headers */ = {isa = PBXBuildFile; fileRef = 969F5B9A0F505F7100430656 /* OSCValue.h */; settings = {ATTRIBUTES = (Public, ); }; };
		969F5BB30F505F7100430656 /* OSCAddressSpace.m in Sources */ = {isa = PBXBuildFile; fileRef = 969F5B9B0F505F7100430656 /* OSCAddressSpace.m */; };
		969F5BB40F505F7100430656 /* OSCAddressSpace.h in Headers */ = {isa = PBXBuildFile; fileRef = 969F5B9C0F505F7100430656 /* OSCAddressSpace.h */; settings = {ATTRIBUTES = (Public, ); }; };
		96A059CF0EFACE1B00E82377 /* OSCBundle.h in Headers */ = {isa = PBXBuildFile; fileRef = 964687D40E884F4E00CCC231 /* OSCBundle.h */; };
		96A059D00EFACE1E00E82377 /* OSCBundle.m in Sources */ = {isa = PBXBuildFile; fileRef = 964687D50E884F4E00CCC231 /* OSCBundle.m */; };
		96A059D10EFACE1F00E82377 /* OSCInPort.h in Headers */ = {isa = PBXBuildFile; fileRef = 964687CF0E884F4E00CCC231 /* OSCInPort.h */; };
		96A059D20EFACE1F00E82377 /* OSCInPort.m in Sources */ = {isa = PBXBuildFile; fileRef = 964687D30E884F4E00CCC231 /* OSCInPort.m */; };
		96A059D30EFACE1F00E82377 /* OSCManager.h in Headers */ = {isa = PBXBuildFile; fileRef = 964687D00E884F4E00CCC231 /* OSCManager.h */; };
		96A059D40EFACE2000E82377 /* OSCManager.m in Sources */ = {isa = PBXBuildFile; fileRef = 964687D70E884F4E00CCC231 /* OSCManager.m */; };
		96A059D50EFACE2000E82377 /* OSCMessage.h in Headers */ = {isa = PBXBuildFile; fileRef = 964687D10E884F4E00CCC231 /* OSCMessage.h */; };
		96A059D60EFACE2100E82377 /* OSCMessage.m in Sources */ = {isa = PBXBuildFile; fileRef = 964687D80E884F4E00CCC231 /* OSCMessage.m */; };
		96A059D70EFACE2100E82377 /* OSCOutPort.h in Headers */ = {isa = PBXBuildFile; fileRef = 964687CE0E884F4E00CCC231 /* OSCOutPort.h */; };
		96A059D80EFACE2200E82377 /* OSCOutPort.m in Sources */ = {isa = PBXBuildFile; fileRef = 964687CD0E884F4E00CCC231 /* OSCOutPort.m */; };
		96A059D90EFACE2200E82377 /* OSCPacket.h in Headers */ = {isa = PBXBuildFile; fileRef = 964687D60E884F4E00CCC231 /* OSCPacket.h */; };
		96A059DA0EFACE2300E82377 /* OSCPacket.m in Sources */ = {isa = PBXBuildFile; fileRef = 964687D20E884F4E00CCC231 /* OSCPacket.m */; };
		96A059DB0EFACE2300E82377 /* OSCZeroConfDomain.h in Headers */ = {isa = PBXBuildFile; fileRef = 9612C1900EEF81FC00BAD514 /* OSCZeroConfDomain.h */; };
		96A059DC0EFACE2400E82377 /* OSCZeroConfDomain.m in Sources */ = {isa = PBXBuildFile; fileRef = 9612C18E0EEF81FC00BAD514 /* OSCZeroConfDomain.m */; };
		96A059DD0EFACE2400E82377 /* OSCZeroConfManager.h in Headers */ = {isa = PBXBuildFile; fileRef = 9612C18F0EEF81FC00BAD514 /* OSCZeroConfManager.h */; };
		96A059DE0EFACE2500E82377 /* OSCZeroConfManager.m in Sources */ = {isa = PBXBuildFile; fileRef = 9612C18D0EEF81FC00BAD514 /* OSCZeroConfManager.m */; };
		96A059DF0EFACE2500E82377 /* VVOSC.h in Headers */ = {isa = PBXBuildFile; fileRef = 965392190E85F60E00A719BF /* VVOSC.h */; };
		96EB12320EFAA65600B2D581 /* OSCBundle.h in Headers */ = {isa = PBXBuildFile; fileRef = 964687D40E884F4E00CCC231 /* OSCBundle.h */; };
		96EB12330EFAA65600B2D581 /* OSCBundle.m in Sources */ = {isa = PBXBuildFile; fileRef = 964687D50E884F4E00CCC231 /* OSCBundle.m */; };
		96EB12340EFAA65700B2D581 /* OSCInPort.h in Headers */ = {isa = PBXBuildFile; fileRef = 964687CF0E884F4E00CCC231 /* OSCInPort.h */; };
		96EB12350EFAA65700B2D581 /* OSCInPort.m in Sources */ = {isa = PBXBuildFile; fileRef = 964687D30E884F4E00CCC231 /* OSCInPort.m */; };
		96EB12360EFAA65800B2D581 /* OSCManager.h in Headers */ = {isa = PBXBuildFile; fileRef = 964687D00E884F4E00CCC231 /* OSCManager.h */; };
		96EB12370EFAA65800B2D581 /* OSCManager.m in Sources */ = {isa = PBXBuildFile; fileRef = 964687D70E884F4E00CCC231 /* OSCManager.m */; };
		96EB12380EFAA65900B2D581 /* OSCMessage.h in Headers */ = {isa = PBXBuildFile; fileRef = 964687D10E884F4E00CCC231 /* OSCMessage.h */; };
		96EB12390EFAA65900B2D581 /* OSCMessage.m in Sources */ = {isa = PBXBuildFile; fileRef = 964687D80E884F4E00CCC231 /* OSCMessage.m */; };
		96EB123A0EFAA65A00B2D581 /* OSCOutPort.h in Headers */ = {isa = PBXBuildFile; fileRef = 964687CE0E884F4E00CCC231 /* OSCOutPort.h */; };
		96EB123B0EFAA65A00B2D581 /* OSCOutPort.m in Sources */ = {isa = PBXBuildFile; fileRef = 964687CD0E884F4E00CCC231 /* OSCOutPort.m */; };
		96EB123C0EFAA65B00B2D581 /* OSCPacket.h in Headers */ = {isa = PBXBuildFile; fileRef = 964687D60E884F4E00CCC231 /* OSCPacket.h */; };
		96EB123D0EFAA65B00B2D581 /* OSCPacket.m in Sources */ = {isa = PBXBuildFile; fileRef = 964687D20E884F4E00CCC231 /* OSCPacket.m */; };
		96EB123E0EFAA65C00B2D581 /* OSCZeroConfDomain.h in Headers */ = {isa = PBXBuildFile; fileRef = 9612C1900EEF81FC00BAD514 /* OSCZeroConfDomain.h */; };
		96EB123F0EFAA65C00B2D581 /* OSCZeroConfDomain.m in Sources */ = {isa = PBXBuildFile; fileRef = 9612C18E0EEF81FC00BAD514 /* OSCZeroConfDomain.m */; };
		96EB12400EFAA65D00B2D581 /* OSCZeroConfManager.h in Headers */ = {isa = PBXBuildFile; fileRef = 9612C18F0EEF81FC00BAD514 /* OSCZeroConfManager.h */; };
		96EB12410EFAA65D00B2D581 /* OSCZeroConfManager.m in Sources */ = {isa = PBXBuildFile; fileRef = 9612C18D0EEF81FC00BAD514 /* OSCZeroConfManager.m */; };
		96EB12420EFAA65E00B2D581 /* VVOSC.h in Headers */ = {isa = PBXBuildFile; fileRef = 965392190E85F60E00A719BF /* VVOSC.h */; };
/* End PBXBuildFile section */

/* Begin PBXContainerItemProxy section */
		962BCA130EFAE644006C3EFA /* PBXContainerItemProxy */ = {
			isa = PBXContainerItemProxy;
			containerPortal = 0867D690FE84028FC02AAC07 /* Project object */;
			proxyType = 1;
			remoteGlobalIDString = 96EA49330EFAA91400AB3763;
			remoteInfo = "Assemble SDK";
		};
		963059C60F03306900517B22 /* PBXContainerItemProxy */ = {
			isa = PBXContainerItemProxy;
			containerPortal = 0867D690FE84028FC02AAC07 /* Project object */;
			proxyType = 1;
			remoteGlobalIDString = 963E71CF0E993BB9007CF9D8;
			remoteInfo = VVOSCTester;
		};
		963059C80F03307200517B22 /* PBXContainerItemProxy */ = {
			isa = PBXContainerItemProxy;
			containerPortal = 0867D690FE84028FC02AAC07 /* Project object */;
			proxyType = 1;
			remoteGlobalIDString = 962BCA060EFAE639006C3EFA;
			remoteInfo = "Install VVOSC SDK";
		};
		96A059E20EFAD06500E82377 /* PBXContainerItemProxy */ = {
			isa = PBXContainerItemProxy;
			containerPortal = 0867D690FE84028FC02AAC07 /* Project object */;
			proxyType = 1;
			remoteGlobalIDString = 96A059B30EFACDDB00E82377;
			remoteInfo = "VVOSC-os x";
		};
		96EA49460EFAAAC300AB3763 /* PBXContainerItemProxy */ = {
			isa = PBXContainerItemProxy;
			containerPortal = 0867D690FE84028FC02AAC07 /* Project object */;
			proxyType = 1;
			remoteGlobalIDString = 8DC2EF4F0486A6940098B216;
			remoteInfo = "VVOSC-OS X";
		};
		96EA496A0EFAAE2A00AB3763 /* PBXContainerItemProxy */ = {
			isa = PBXContainerItemProxy;
			containerPortal = 0867D690FE84028FC02AAC07 /* Project object */;
			proxyType = 1;
			remoteGlobalIDString = 8DC2EF4F0486A6940098B216;
			remoteInfo = "VVOSC-OS X";
		};
		96EF82D90EFAB4A500E8AF16 /* PBXContainerItemProxy */ = {
			isa = PBXContainerItemProxy;
			containerPortal = 0867D690FE84028FC02AAC07 /* Project object */;
			proxyType = 1;
			remoteGlobalIDString = 96EB122B0EFAA64300B2D581;
			remoteInfo = "VVOSC-iPhone sim";
		};
		96EF82DB0EFAB4A700E8AF16 /* PBXContainerItemProxy */ = {
			isa = PBXContainerItemProxy;
			containerPortal = 0867D690FE84028FC02AAC07 /* Project object */;
			proxyType = 1;
			remoteGlobalIDString = 967FDE3B0EFAA6A600BCF87E;
			remoteInfo = "VVOSC-iPhone dev";
		};
/* End PBXContainerItemProxy section */

/* Begin PBXCopyFilesBuildPhase section */
		9609B70A0E993DFD0095836C /* CopyFiles */ = {
			isa = PBXCopyFilesBuildPhase;
			buildActionMask = 2147483647;
			dstPath = "";
			dstSubfolderSpec = 10;
			files = (
				9609B8530E9940940095836C /* VVOSC.framework in CopyFiles */,
			);
			runOnlyForDeploymentPostprocessing = 0;
		};
/* End PBXCopyFilesBuildPhase section */

/* Begin PBXFileReference section */
		0867D69BFE84028FC02AAC07 /* Foundation.framework */ = {isa = PBXFileReference; lastKnownFileType = wrapper.framework; name = Foundation.framework; path = /System/Library/Frameworks/Foundation.framework; sourceTree = "<absolute>"; };
		0867D6A5FE840307C02AAC07 /* AppKit.framework */ = {isa = PBXFileReference; lastKnownFileType = wrapper.framework; name = AppKit.framework; path = /System/Library/Frameworks/AppKit.framework; sourceTree = "<absolute>"; };
		089C1667FE841158C02AAC07 /* English */ = {isa = PBXFileReference; fileEncoding = 10; lastKnownFileType = text.plist.strings; name = English; path = English.lproj/InfoPlist.strings; sourceTree = "<group>"; };
		1058C7B1FEA5585E11CA2CBB /* Cocoa.framework */ = {isa = PBXFileReference; lastKnownFileType = wrapper.framework; name = Cocoa.framework; path = /System/Library/Frameworks/Cocoa.framework; sourceTree = "<absolute>"; };
		32DBCF5E0370ADEE00C91783 /* VVOSC_Prefix.pch */ = {isa = PBXFileReference; fileEncoding = 4; lastKnownFileType = sourcecode.c.h; path = VVOSC_Prefix.pch; sourceTree = "<group>"; };
		8DC2EF5A0486A6940098B216 /* Info.plist */ = {isa = PBXFileReference; fileEncoding = 4; lastKnownFileType = text.plist.xml; path = Info.plist; sourceTree = "<group>"; };
		8DC2EF5B0486A6940098B216 /* VVOSC.framework */ = {isa = PBXFileReference; explicitFileType = wrapper.framework; includeInIndex = 0; path = VVOSC.framework; sourceTree = BUILT_PRODUCTS_DIR; };
		9612C18D0EEF81FC00BAD514 /* OSCZeroConfManager.m */ = {isa = PBXFileReference; fileEncoding = 4; lastKnownFileType = sourcecode.c.objc; name = OSCZeroConfManager.m; path = FrameworkSrc/OSCZeroConfManager.m; sourceTree = "<group>"; };
		9612C18E0EEF81FC00BAD514 /* OSCZeroConfDomain.m */ = {isa = PBXFileReference; fileEncoding = 4; lastKnownFileType = sourcecode.c.objc; name = OSCZeroConfDomain.m; path = FrameworkSrc/OSCZeroConfDomain.m; sourceTree = "<group>"; };
		9612C18F0EEF81FC00BAD514 /* OSCZeroConfManager.h */ = {isa = PBXFileReference; fileEncoding = 4; lastKnownFileType = sourcecode.c.h; name = OSCZeroConfManager.h; path = FrameworkSrc/OSCZeroConfManager.h; sourceTree = "<group>"; };
		9612C1900EEF81FC00BAD514 /* OSCZeroConfDomain.h */ = {isa = PBXFileReference; fileEncoding = 4; lastKnownFileType = sourcecode.c.h; name = OSCZeroConfDomain.h; path = FrameworkSrc/OSCZeroConfDomain.h; sourceTree = "<group>"; };
		963E71D00E993BB9007CF9D8 /* VVOSCTester.app */ = {isa = PBXFileReference; explicitFileType = wrapper.application; includeInIndex = 0; path = VVOSCTester.app; sourceTree = BUILT_PRODUCTS_DIR; };
		963E71D20E993BB9007CF9D8 /* VVOSCTester-Info.plist */ = {isa = PBXFileReference; lastKnownFileType = text.plist.xml; path = "VVOSCTester-Info.plist"; sourceTree = "<group>"; };
		964687CD0E884F4E00CCC231 /* OSCOutPort.m */ = {isa = PBXFileReference; fileEncoding = 4; lastKnownFileType = sourcecode.c.objc; name = OSCOutPort.m; path = FrameworkSrc/OSCOutPort.m; sourceTree = "<group>"; };
		964687CE0E884F4E00CCC231 /* OSCOutPort.h */ = {isa = PBXFileReference; fileEncoding = 4; lastKnownFileType = sourcecode.c.h; name = OSCOutPort.h; path = FrameworkSrc/OSCOutPort.h; sourceTree = "<group>"; };
		964687CF0E884F4E00CCC231 /* OSCInPort.h */ = {isa = PBXFileReference; fileEncoding = 4; lastKnownFileType = sourcecode.c.h; name = OSCInPort.h; path = FrameworkSrc/OSCInPort.h; sourceTree = "<group>"; };
		964687D00E884F4E00CCC231 /* OSCManager.h */ = {isa = PBXFileReference; fileEncoding = 4; lastKnownFileType = sourcecode.c.h; name = OSCManager.h; path = FrameworkSrc/OSCManager.h; sourceTree = "<group>"; };
		964687D10E884F4E00CCC231 /* OSCMessage.h */ = {isa = PBXFileReference; fileEncoding = 4; lastKnownFileType = sourcecode.c.h; name = OSCMessage.h; path = FrameworkSrc/OSCMessage.h; sourceTree = "<group>"; };
		964687D20E884F4E00CCC231 /* OSCPacket.m */ = {isa = PBXFileReference; fileEncoding = 4; lastKnownFileType = sourcecode.c.objc; name = OSCPacket.m; path = FrameworkSrc/OSCPacket.m; sourceTree = "<group>"; };
		964687D30E884F4E00CCC231 /* OSCInPort.m */ = {isa = PBXFileReference; fileEncoding = 4; lastKnownFileType = sourcecode.c.objc; name = OSCInPort.m; path = FrameworkSrc/OSCInPort.m; sourceTree = "<group>"; };
		964687D40E884F4E00CCC231 /* OSCBundle.h */ = {isa = PBXFileReference; fileEncoding = 4; lastKnownFileType = sourcecode.c.h; name = OSCBundle.h; path = FrameworkSrc/OSCBundle.h; sourceTree = "<group>"; };
		964687D50E884F4E00CCC231 /* OSCBundle.m */ = {isa = PBXFileReference; fileEncoding = 4; lastKnownFileType = sourcecode.c.objc; name = OSCBundle.m; path = FrameworkSrc/OSCBundle.m; sourceTree = "<group>"; };
		964687D60E884F4E00CCC231 /* OSCPacket.h */ = {isa = PBXFileReference; fileEncoding = 4; lastKnownFileType = sourcecode.c.h; name = OSCPacket.h; path = FrameworkSrc/OSCPacket.h; sourceTree = "<group>"; };
		964687D70E884F4E00CCC231 /* OSCManager.m */ = {isa = PBXFileReference; fileEncoding = 4; lastKnownFileType = sourcecode.c.objc; name = OSCManager.m; path = FrameworkSrc/OSCManager.m; sourceTree = "<group>"; };
		964687D80E884F4E00CCC231 /* OSCMessage.m */ = {isa = PBXFileReference; fileEncoding = 4; lastKnownFileType = sourcecode.c.objc; name = OSCMessage.m; path = FrameworkSrc/OSCMessage.m; sourceTree = "<group>"; };
		9652EDF80F52290A006A23AB /* MutLockArray.m */ = {isa = PBXFileReference; fileEncoding = 4; lastKnownFileType = sourcecode.c.objc; name = MutLockArray.m; path = FrameworkSrc/MutLockArray.m; sourceTree = "<group>"; };
		9652EDF90F52290A006A23AB /* MutLockArray.h */ = {isa = PBXFileReference; fileEncoding = 4; lastKnownFileType = sourcecode.c.h; name = MutLockArray.h; path = FrameworkSrc/MutLockArray.h; sourceTree = "<group>"; };
		9652EE060F522A44006A23AB /* OSCNode.h */ = {isa = PBXFileReference; fileEncoding = 4; lastKnownFileType = sourcecode.c.h; name = OSCNode.h; path = FrameworkSrc/OSCNode.h; sourceTree = "<group>"; };
		9652EE070F522A44006A23AB /* OSCNode.m */ = {isa = PBXFileReference; fileEncoding = 4; lastKnownFileType = sourcecode.c.objc; name = OSCNode.m; path = FrameworkSrc/OSCNode.m; sourceTree = "<group>"; };
		965392010E85C89100A719BF /* main.m */ = {isa = PBXFileReference; fileEncoding = 4; lastKnownFileType = sourcecode.c.objc; name = main.m; path = AppSrc/main.m; sourceTree = "<group>"; };
		965392040E85C8BA00A719BF /* MainMenu.xib */ = {isa = PBXFileReference; lastKnownFileType = file.xib; name = MainMenu.xib; path = AppSrc/MainMenu.xib; sourceTree = "<group>"; };
		965392160E85F5DD00A719BF /* AppController.h */ = {isa = PBXFileReference; fileEncoding = 4; lastKnownFileType = sourcecode.c.h; name = AppController.h; path = AppSrc/AppController.h; sourceTree = "<group>"; };
		965392170E85F5DD00A719BF /* AppController.m */ = {isa = PBXFileReference; fileEncoding = 4; lastKnownFileType = sourcecode.c.objc; name = AppController.m; path = AppSrc/AppController.m; sourceTree = "<group>"; };
		965392190E85F60E00A719BF /* VVOSC.h */ = {isa = PBXFileReference; fileEncoding = 4; lastKnownFileType = sourcecode.c.h; name = VVOSC.h; path = FrameworkSrc/VVOSC.h; sourceTree = "<group>"; };
		966A89F00F536D1400188EB7 /* OSCStringAdditions.h */ = {isa = PBXFileReference; fileEncoding = 4; lastKnownFileType = sourcecode.c.h; name = OSCStringAdditions.h; path = FrameworkSrc/OSCStringAdditions.h; sourceTree = "<group>"; };
		966A89F10F536D1400188EB7 /* OSCStringAdditions.m */ = {isa = PBXFileReference; fileEncoding = 4; lastKnownFileType = sourcecode.c.objc; name = OSCStringAdditions.m; path = FrameworkSrc/OSCStringAdditions.m; sourceTree = "<group>"; };
		966B7DBD0F5721FB00AA5AB5 /* ThreadLoop.m */ = {isa = PBXFileReference; fileEncoding = 4; lastKnownFileType = sourcecode.c.objc; name = ThreadLoop.m; path = FrameworkSrc/ThreadLoop.m; sourceTree = "<group>"; };
		966B7DBE0F5721FB00AA5AB5 /* ThreadLoop.h */ = {isa = PBXFileReference; fileEncoding = 4; lastKnownFileType = sourcecode.c.h; name = ThreadLoop.h; path = FrameworkSrc/ThreadLoop.h; sourceTree = "<group>"; };
		967FDE3C0EFAA6A600BCF87E /* libVVOSC.a */ = {isa = PBXFileReference; explicitFileType = archive.ar; includeInIndex = 0; path = libVVOSC.a; sourceTree = BUILT_PRODUCTS_DIR; };
		969F5B980F505F7100430656 /* OSCValue.m */ = {isa = PBXFileReference; fileEncoding = 4; lastKnownFileType = sourcecode.c.objc; name = OSCValue.m; path = FrameworkSrc/OSCValue.m; sourceTree = "<group>"; };
		969F5B9A0F505F7100430656 /* OSCValue.h */ = {isa = PBXFileReference; fileEncoding = 4; lastKnownFileType = sourcecode.c.h; name = OSCValue.h; path = FrameworkSrc/OSCValue.h; sourceTree = "<group>"; };
		969F5B9B0F505F7100430656 /* OSCAddressSpace.m */ = {isa = PBXFileReference; fileEncoding = 4; lastKnownFileType = sourcecode.c.objc; name = OSCAddressSpace.m; path = FrameworkSrc/OSCAddressSpace.m; sourceTree = "<group>"; };
		969F5B9C0F505F7100430656 /* OSCAddressSpace.h */ = {isa = PBXFileReference; fileEncoding = 4; lastKnownFileType = sourcecode.c.h; name = OSCAddressSpace.h; path = FrameworkSrc/OSCAddressSpace.h; sourceTree = "<group>"; };
		96A059B40EFACDDB00E82377 /* libVVOSC.a */ = {isa = PBXFileReference; explicitFileType = archive.ar; includeInIndex = 0; path = libVVOSC.a; sourceTree = BUILT_PRODUCTS_DIR; };
		96E3DF090E96802000B706F8 /* OSCInPortRetainsRaw.h */ = {isa = PBXFileReference; fileEncoding = 4; lastKnownFileType = sourcecode.c.h; name = OSCInPortRetainsRaw.h; path = AppSrc/OSCInPortRetainsRaw.h; sourceTree = "<group>"; };
		96E3DF0A0E96802000B706F8 /* OSCInPortRetainsRaw.m */ = {isa = PBXFileReference; fileEncoding = 4; lastKnownFileType = sourcecode.c.objc; name = OSCInPortRetainsRaw.m; path = AppSrc/OSCInPortRetainsRaw.m; sourceTree = "<group>"; };
		96E3DF0C0E9685F700B706F8 /* MyOSCManager.h */ = {isa = PBXFileReference; fileEncoding = 4; lastKnownFileType = sourcecode.c.h; name = MyOSCManager.h; path = AppSrc/MyOSCManager.h; sourceTree = "<group>"; };
		96E3DF0D0E9685F700B706F8 /* MyOSCManager.m */ = {isa = PBXFileReference; fileEncoding = 4; lastKnownFileType = sourcecode.c.objc; name = MyOSCManager.m; path = AppSrc/MyOSCManager.m; sourceTree = "<group>"; };
		96EB122C0EFAA64300B2D581 /* libVVOSC.a */ = {isa = PBXFileReference; explicitFileType = archive.ar; includeInIndex = 0; path = libVVOSC.a; sourceTree = BUILT_PRODUCTS_DIR; };
		D2F7E79907B2D74100F64583 /* CoreData.framework */ = {isa = PBXFileReference; lastKnownFileType = wrapper.framework; name = CoreData.framework; path = /System/Library/Frameworks/CoreData.framework; sourceTree = "<absolute>"; };
/* End PBXFileReference section */

/* Begin PBXFrameworksBuildPhase section */
		8DC2EF560486A6940098B216 /* Frameworks */ = {
			isa = PBXFrameworksBuildPhase;
			buildActionMask = 2147483647;
			files = (
				8DC2EF570486A6940098B216 /* Cocoa.framework in Frameworks */,
			);
			runOnlyForDeploymentPostprocessing = 0;
		};
		963E71CE0E993BB9007CF9D8 /* Frameworks */ = {
			isa = PBXFrameworksBuildPhase;
			buildActionMask = 2147483647;
			files = (
				9609B8140E993EBF0095836C /* VVOSC.framework in Frameworks */,
				963E72050E993CF6007CF9D8 /* Cocoa.framework in Frameworks */,
				963E72060E993CF6007CF9D8 /* AppKit.framework in Frameworks */,
			);
			runOnlyForDeploymentPostprocessing = 0;
		};
		967FDE3A0EFAA6A600BCF87E /* Frameworks */ = {
			isa = PBXFrameworksBuildPhase;
			buildActionMask = 2147483647;
			files = (
			);
			runOnlyForDeploymentPostprocessing = 0;
		};
		96A059B20EFACDDB00E82377 /* Frameworks */ = {
			isa = PBXFrameworksBuildPhase;
			buildActionMask = 2147483647;
			files = (
			);
			runOnlyForDeploymentPostprocessing = 0;
		};
		96EB122A0EFAA64300B2D581 /* Frameworks */ = {
			isa = PBXFrameworksBuildPhase;
			buildActionMask = 2147483647;
			files = (
			);
			runOnlyForDeploymentPostprocessing = 0;
		};
/* End PBXFrameworksBuildPhase section */

/* Begin PBXGroup section */
		034768DFFF38A50411DB9C8B /* Products */ = {
			isa = PBXGroup;
			children = (
				8DC2EF5B0486A6940098B216 /* VVOSC.framework */,
				963E71D00E993BB9007CF9D8 /* VVOSCTester.app */,
				96EB122C0EFAA64300B2D581 /* libVVOSC.a */,
				967FDE3C0EFAA6A600BCF87E /* libVVOSC.a */,
				96A059B40EFACDDB00E82377 /* libVVOSC.a */,
			);
			name = Products;
			sourceTree = "<group>";
		};
		0867D691FE84028FC02AAC07 /* VVOSC */ = {
			isa = PBXGroup;
			children = (
				08FB77AEFE84172EC02AAC07 /* Framework */,
				965392130E85F5D300A719BF /* Sample App */,
				32C88DFF0371C24200C91783 /* Other Sources */,
				089C1665FE841158C02AAC07 /* Resources */,
				0867D69AFE84028FC02AAC07 /* External Frameworks and Libraries */,
				034768DFFF38A50411DB9C8B /* Products */,
				963E71D20E993BB9007CF9D8 /* VVOSCTester-Info.plist */,
			);
			name = VVOSC;
			sourceTree = "<group>";
		};
		0867D69AFE84028FC02AAC07 /* External Frameworks and Libraries */ = {
			isa = PBXGroup;
			children = (
				1058C7B0FEA5585E11CA2CBB /* Linked Frameworks */,
				1058C7B2FEA5585E11CA2CBB /* Other Frameworks */,
			);
			name = "External Frameworks and Libraries";
			sourceTree = "<group>";
		};
		089C1665FE841158C02AAC07 /* Resources */ = {
			isa = PBXGroup;
			children = (
				965392040E85C8BA00A719BF /* MainMenu.xib */,
				8DC2EF5A0486A6940098B216 /* Info.plist */,
				089C1666FE841158C02AAC07 /* InfoPlist.strings */,
			);
			name = Resources;
			sourceTree = "<group>";
		};
		08FB77AEFE84172EC02AAC07 /* Framework */ = {
			isa = PBXGroup;
			children = (
				965392190E85F60E00A719BF /* VVOSC.h */,
				96EA37430F51EACB00E6998D /* basic data types */,
				9652EE060F522A44006A23AB /* OSCNode.h */,
				9652EE070F522A44006A23AB /* OSCNode.m */,
				969F5B9C0F505F7100430656 /* OSCAddressSpace.h */,
				969F5B9B0F505F7100430656 /* OSCAddressSpace.m */,
				964687D00E884F4E00CCC231 /* OSCManager.h */,
				964687D70E884F4E00CCC231 /* OSCManager.m */,
				964687CF0E884F4E00CCC231 /* OSCInPort.h */,
				964687D30E884F4E00CCC231 /* OSCInPort.m */,
				964687CE0E884F4E00CCC231 /* OSCOutPort.h */,
				964687CD0E884F4E00CCC231 /* OSCOutPort.m */,
				969F5BB90F50601F00430656 /* Bonjour \ Zero-Conf Networking */,
				966A89F00F536D1400188EB7 /* OSCStringAdditions.h */,
				966A89F10F536D1400188EB7 /* OSCStringAdditions.m */,
			);
			name = Framework;
			sourceTree = "<group>";
		};
		1058C7B0FEA5585E11CA2CBB /* Linked Frameworks */ = {
			isa = PBXGroup;
			children = (
				1058C7B1FEA5585E11CA2CBB /* Cocoa.framework */,
			);
			name = "Linked Frameworks";
			sourceTree = "<group>";
		};
		1058C7B2FEA5585E11CA2CBB /* Other Frameworks */ = {
			isa = PBXGroup;
			children = (
				0867D6A5FE840307C02AAC07 /* AppKit.framework */,
				D2F7E79907B2D74100F64583 /* CoreData.framework */,
				0867D69BFE84028FC02AAC07 /* Foundation.framework */,
			);
			name = "Other Frameworks";
			sourceTree = "<group>";
		};
		32C88DFF0371C24200C91783 /* Other Sources */ = {
			isa = PBXGroup;
			children = (
				32DBCF5E0370ADEE00C91783 /* VVOSC_Prefix.pch */,
			);
			name = "Other Sources";
			sourceTree = "<group>";
		};
		965392130E85F5D300A719BF /* Sample App */ = {
			isa = PBXGroup;
			children = (
				965392010E85C89100A719BF /* main.m */,
				965392160E85F5DD00A719BF /* AppController.h */,
				965392170E85F5DD00A719BF /* AppController.m */,
				96E3DF090E96802000B706F8 /* OSCInPortRetainsRaw.h */,
				96E3DF0A0E96802000B706F8 /* OSCInPortRetainsRaw.m */,
				96E3DF0C0E9685F700B706F8 /* MyOSCManager.h */,
				96E3DF0D0E9685F700B706F8 /* MyOSCManager.m */,
			);
			name = "Sample App";
			sourceTree = "<group>";
		};
		969F5BB90F50601F00430656 /* Bonjour \ Zero-Conf Networking */ = {
			isa = PBXGroup;
			children = (
				9612C18F0EEF81FC00BAD514 /* OSCZeroConfManager.h */,
				9612C18D0EEF81FC00BAD514 /* OSCZeroConfManager.m */,
				9612C1900EEF81FC00BAD514 /* OSCZeroConfDomain.h */,
				9612C18E0EEF81FC00BAD514 /* OSCZeroConfDomain.m */,
			);
			name = "Bonjour \\ Zero-Conf Networking";
			sourceTree = "<group>";
		};
		96EA37430F51EACB00E6998D /* basic data types */ = {
			isa = PBXGroup;
			children = (
				9652EDF90F52290A006A23AB /* MutLockArray.h */,
				9652EDF80F52290A006A23AB /* MutLockArray.m */,
				966B7DBE0F5721FB00AA5AB5 /* ThreadLoop.h */,
				966B7DBD0F5721FB00AA5AB5 /* ThreadLoop.m */,
				969F5B9A0F505F7100430656 /* OSCValue.h */,
				969F5B980F505F7100430656 /* OSCValue.m */,
				964687D10E884F4E00CCC231 /* OSCMessage.h */,
				964687D80E884F4E00CCC231 /* OSCMessage.m */,
				964687D40E884F4E00CCC231 /* OSCBundle.h */,
				964687D50E884F4E00CCC231 /* OSCBundle.m */,
				964687D60E884F4E00CCC231 /* OSCPacket.h */,
				964687D20E884F4E00CCC231 /* OSCPacket.m */,
			);
			name = "basic data types";
			sourceTree = "<group>";
		};
/* End PBXGroup section */

/* Begin PBXHeadersBuildPhase section */
		8DC2EF500486A6940098B216 /* Headers */ = {
			isa = PBXHeadersBuildPhase;
			buildActionMask = 2147483647;
			files = (
				9653921A0E85F60E00A719BF /* VVOSC.h in Headers */,
				964687DA0E884F4E00CCC231 /* OSCOutPort.h in Headers */,
				964687DB0E884F4E00CCC231 /* OSCInPort.h in Headers */,
				964687DC0E884F4E00CCC231 /* OSCManager.h in Headers */,
				964687DD0E884F4E00CCC231 /* OSCMessage.h in Headers */,
				964687E00E884F4E00CCC231 /* OSCBundle.h in Headers */,
				964687E20E884F4E00CCC231 /* OSCPacket.h in Headers */,
				9612C1930EEF81FC00BAD514 /* OSCZeroConfManager.h in Headers */,
				9612C1940EEF81FC00BAD514 /* OSCZeroConfDomain.h in Headers */,
				969F5BB20F505F7100430656 /* OSCValue.h in Headers */,
				969F5BB40F505F7100430656 /* OSCAddressSpace.h in Headers */,
				9652EDFD0F52290A006A23AB /* MutLockArray.h in Headers */,
				9652EE0A0F522A44006A23AB /* OSCNode.h in Headers */,
				966A89F60F536D1400188EB7 /* OSCStringAdditions.h in Headers */,
				966B7DC20F5721FB00AA5AB5 /* ThreadLoop.h in Headers */,
			);
			runOnlyForDeploymentPostprocessing = 0;
		};
		967FDE380EFAA6A600BCF87E /* Headers */ = {
			isa = PBXHeadersBuildPhase;
			buildActionMask = 2147483647;
			files = (
				967FDE460EFAA6AF00BCF87E /* OSCBundle.h in Headers */,
				967FDE480EFAA6B000BCF87E /* OSCInPort.h in Headers */,
				967FDE4A0EFAA6B100BCF87E /* OSCManager.h in Headers */,
				967FDE4C0EFAA6B200BCF87E /* OSCMessage.h in Headers */,
				967FDE4E0EFAA6B200BCF87E /* OSCOutPort.h in Headers */,
				967FDE500EFAA6B300BCF87E /* OSCPacket.h in Headers */,
				967FDE520EFAA6B400BCF87E /* OSCZeroConfDomain.h in Headers */,
				967FDE540EFAA6B500BCF87E /* OSCZeroConfManager.h in Headers */,
				967FDE560EFAA6B600BCF87E /* VVOSC.h in Headers */,
				969F5BAC0F505F7100430656 /* OSCValue.h in Headers */,
				969F5BAE0F505F7100430656 /* OSCAddressSpace.h in Headers */,
				9652EDFB0F52290A006A23AB /* MutLockArray.h in Headers */,
				9652EE080F522A44006A23AB /* OSCNode.h in Headers */,
				966A89F20F536D1400188EB7 /* OSCStringAdditions.h in Headers */,
				966B7DC60F5721FB00AA5AB5 /* ThreadLoop.h in Headers */,
			);
			runOnlyForDeploymentPostprocessing = 0;
		};
		96A059B00EFACDDB00E82377 /* Headers */ = {
			isa = PBXHeadersBuildPhase;
			buildActionMask = 2147483647;
			files = (
				96A059CF0EFACE1B00E82377 /* OSCBundle.h in Headers */,
				96A059D10EFACE1F00E82377 /* OSCInPort.h in Headers */,
				96A059D30EFACE1F00E82377 /* OSCManager.h in Headers */,
				96A059D50EFACE2000E82377 /* OSCMessage.h in Headers */,
				96A059D70EFACE2100E82377 /* OSCOutPort.h in Headers */,
				96A059D90EFACE2200E82377 /* OSCPacket.h in Headers */,
				96A059DB0EFACE2300E82377 /* OSCZeroConfDomain.h in Headers */,
				96A059DD0EFACE2400E82377 /* OSCZeroConfManager.h in Headers */,
				96A059DF0EFACE2500E82377 /* VVOSC.h in Headers */,
				969F5BA60F505F7100430656 /* OSCValue.h in Headers */,
				969F5BA80F505F7100430656 /* OSCAddressSpace.h in Headers */,
				9652EDFF0F52290A006A23AB /* MutLockArray.h in Headers */,
				9652EE0C0F522A44006A23AB /* OSCNode.h in Headers */,
				966A89F80F536D1400188EB7 /* OSCStringAdditions.h in Headers */,
				966B7DC40F5721FB00AA5AB5 /* ThreadLoop.h in Headers */,
			);
			runOnlyForDeploymentPostprocessing = 0;
		};
		96EB12280EFAA64300B2D581 /* Headers */ = {
			isa = PBXHeadersBuildPhase;
			buildActionMask = 2147483647;
			files = (
				96EB12320EFAA65600B2D581 /* OSCBundle.h in Headers */,
				96EB12340EFAA65700B2D581 /* OSCInPort.h in Headers */,
				96EB12360EFAA65800B2D581 /* OSCManager.h in Headers */,
				96EB12380EFAA65900B2D581 /* OSCMessage.h in Headers */,
				96EB123A0EFAA65A00B2D581 /* OSCOutPort.h in Headers */,
				96EB123C0EFAA65B00B2D581 /* OSCPacket.h in Headers */,
				96EB123E0EFAA65C00B2D581 /* OSCZeroConfDomain.h in Headers */,
				96EB12400EFAA65D00B2D581 /* OSCZeroConfManager.h in Headers */,
				96EB12420EFAA65E00B2D581 /* VVOSC.h in Headers */,
				969F5BA00F505F7100430656 /* OSCValue.h in Headers */,
				969F5BA20F505F7100430656 /* OSCAddressSpace.h in Headers */,
				9652EE010F52290A006A23AB /* MutLockArray.h in Headers */,
				9652EE0E0F522A44006A23AB /* OSCNode.h in Headers */,
				966A89F40F536D1400188EB7 /* OSCStringAdditions.h in Headers */,
				966B7DC00F5721FB00AA5AB5 /* ThreadLoop.h in Headers */,
			);
			runOnlyForDeploymentPostprocessing = 0;
		};
/* End PBXHeadersBuildPhase section */

/* Begin PBXNativeTarget section */
		8DC2EF4F0486A6940098B216 /* VVOSC framework */ = {
			isa = PBXNativeTarget;
			buildConfigurationList = 1DEB91AD08733DA50010E9CD /* Build configuration list for PBXNativeTarget "VVOSC framework" */;
			buildPhases = (
				8DC2EF500486A6940098B216 /* Headers */,
				8DC2EF520486A6940098B216 /* Resources */,
				8DC2EF540486A6940098B216 /* Sources */,
				8DC2EF560486A6940098B216 /* Frameworks */,
			);
			buildRules = (
			);
			dependencies = (
			);
			name = "VVOSC framework";
			productInstallPath = "$(HOME)/Library/Frameworks";
			productName = VVOSC;
			productReference = 8DC2EF5B0486A6940098B216 /* VVOSC.framework */;
			productType = "com.apple.product-type.framework";
		};
		963E71CF0E993BB9007CF9D8 /* VVOSCTester */ = {
			isa = PBXNativeTarget;
			buildConfigurationList = 963E71D50E993BBA007CF9D8 /* Build configuration list for PBXNativeTarget "VVOSCTester" */;
			buildPhases = (
				9609B70A0E993DFD0095836C /* CopyFiles */,
				963E71CC0E993BB9007CF9D8 /* Resources */,
				963E71CD0E993BB9007CF9D8 /* Sources */,
				963E71CE0E993BB9007CF9D8 /* Frameworks */,
			);
			buildRules = (
			);
			dependencies = (
				96EA496B0EFAAE2A00AB3763 /* PBXTargetDependency */,
			);
			name = VVOSCTester;
			productName = VVOSCTester;
			productReference = 963E71D00E993BB9007CF9D8 /* VVOSCTester.app */;
			productType = "com.apple.product-type.application";
		};
		967FDE3B0EFAA6A600BCF87E /* VVOSC-iPhone dev */ = {
			isa = PBXNativeTarget;
			buildConfigurationList = 967FDE5A0EFAA6DC00BCF87E /* Build configuration list for PBXNativeTarget "VVOSC-iPhone dev" */;
			buildPhases = (
				967FDE380EFAA6A600BCF87E /* Headers */,
				967FDE390EFAA6A600BCF87E /* Sources */,
				967FDE3A0EFAA6A600BCF87E /* Frameworks */,
			);
			buildRules = (
			);
			dependencies = (
			);
			name = "VVOSC-iPhone dev";
			productName = VVOSC;
			productReference = 967FDE3C0EFAA6A600BCF87E /* libVVOSC.a */;
			productType = "com.apple.product-type.library.static";
		};
		96A059B30EFACDDB00E82377 /* VVOSC-os x */ = {
			isa = PBXNativeTarget;
			buildConfigurationList = 96A059CA0EFACDFF00E82377 /* Build configuration list for PBXNativeTarget "VVOSC-os x" */;
			buildPhases = (
				96A059B00EFACDDB00E82377 /* Headers */,
				96A059B10EFACDDB00E82377 /* Sources */,
				96A059B20EFACDDB00E82377 /* Frameworks */,
			);
			buildRules = (
			);
			dependencies = (
			);
			name = "VVOSC-os x";
			productName = VVOSC;
			productReference = 96A059B40EFACDDB00E82377 /* libVVOSC.a */;
			productType = "com.apple.product-type.library.static";
		};
		96EB122B0EFAA64300B2D581 /* VVOSC-iPhone sim */ = {
			isa = PBXNativeTarget;
			buildConfigurationList = 96EB12430EFAA66600B2D581 /* Build configuration list for PBXNativeTarget "VVOSC-iPhone sim" */;
			buildPhases = (
				96EB12280EFAA64300B2D581 /* Headers */,
				96EB12290EFAA64300B2D581 /* Sources */,
				96EB122A0EFAA64300B2D581 /* Frameworks */,
			);
			buildRules = (
			);
			dependencies = (
			);
			name = "VVOSC-iPhone sim";
			productName = VVOSC;
			productReference = 96EB122C0EFAA64300B2D581 /* libVVOSC.a */;
			productType = "com.apple.product-type.library.static";
		};
/* End PBXNativeTarget section */

/* Begin PBXProject section */
		0867D690FE84028FC02AAC07 /* Project object */ = {
			isa = PBXProject;
			buildConfigurationList = 1DEB91B108733DA50010E9CD /* Build configuration list for PBXProject "VVOSC" */;
			compatibilityVersion = "Xcode 3.1";
			hasScannedForEncodings = 1;
			mainGroup = 0867D691FE84028FC02AAC07 /* VVOSC */;
			productRefGroup = 034768DFFF38A50411DB9C8B /* Products */;
			projectDirPath = "";
			projectRoot = "";
			targets = (
				963E71CF0E993BB9007CF9D8 /* VVOSCTester */,
				8DC2EF4F0486A6940098B216 /* VVOSC framework */,
				96EA49330EFAA91400AB3763 /* Compile VVOSC SDK */,
				962BCA060EFAE639006C3EFA /* Install VVOSC SDK */,
				96EB122B0EFAA64300B2D581 /* VVOSC-iPhone sim */,
				967FDE3B0EFAA6A600BCF87E /* VVOSC-iPhone dev */,
				96A059B30EFACDDB00E82377 /* VVOSC-os x */,
				963059C30F03305400517B22 /* ALL */,
			);
		};
/* End PBXProject section */

/* Begin PBXResourcesBuildPhase section */
		8DC2EF520486A6940098B216 /* Resources */ = {
			isa = PBXResourcesBuildPhase;
			buildActionMask = 2147483647;
			files = (
				8DC2EF530486A6940098B216 /* InfoPlist.strings in Resources */,
			);
			runOnlyForDeploymentPostprocessing = 0;
		};
		963E71CC0E993BB9007CF9D8 /* Resources */ = {
			isa = PBXResourcesBuildPhase;
			buildActionMask = 2147483647;
			files = (
				963E71EA0E993C35007CF9D8 /* MainMenu.xib in Resources */,
			);
			runOnlyForDeploymentPostprocessing = 0;
		};
/* End PBXResourcesBuildPhase section */

/* Begin PBXShellScriptBuildPhase section */
		962BCA050EFAE639006C3EFA /* ShellScript */ = {
			isa = PBXShellScriptBuildPhase;
			buildActionMask = 2147483647;
			files = (
			);
			inputPaths = (
			);
			outputPaths = (
			);
			runOnlyForDeploymentPostprocessing = 0;
			shellPath = /bin/sh;
			shellScript = "#\tremove the existing SDK (if there is one)\nrm -rf \"${HOME}/Library/SDKs/VVOSC\"\n#\tinstall the newly-compiled SDK\ncp -RfH \"build/${BUILD_STYLE}/SDKs/VVOSC\" \"${HOME}/Library/SDKs/VVOSC\"";
		};
		96EA49320EFAA91400AB3763 /* ShellScript */ = {
			isa = PBXShellScriptBuildPhase;
			buildActionMask = 2147483647;
			files = (
			);
			inputPaths = (
			);
			outputPaths = (
			);
			runOnlyForDeploymentPostprocessing = 0;
			shellPath = /bin/sh;
			shellScript = "#\tdelete any existing SDK folders i may have already created\nrm -rf \"build/${BUILD_STYLE}/SDKs\"\n\n#\tmake the folders for the libs\nmkdir -p \"build/${BUILD_STYLE}/SDKs/VVOSC/iphoneos.sdk/usr/local/lib\"\nmkdir -p \"build/${BUILD_STYLE}/SDKs/VVOSC/iphonesimulator.sdk/usr/local/lib\"\nmkdir -p \"build/${BUILD_STYLE}/SDKs/VVOSC/macosx.sdk/usr/local/lib\"\n\n#\tcopy the libraries to the lib folders\nmv -f \"build/${BUILD_STYLE}/libVVOSC.a\" \"build/${BUILD_STYLE}/SDKs/VVOSC/macosx.sdk/usr/local/lib/libVVOSC.a\"\nmv -f \"build/${BUILD_STYLE}-iphoneos/libVVOSC.a\" \"build/${BUILD_STYLE}/SDKs/VVOSC/iphoneos.sdk/usr/local/lib/libVVOSC.a\"\nmv -f \"build/${BUILD_STYLE}-iphonesimulator/libVVOSC.a\" \"build/${BUILD_STYLE}/SDKs/VVOSC/iphonesimulator.sdk/usr/local/lib/libVVOSC.a\"\n\n#\tcopy the header files\nmkdir -p \"build/${BUILD_STYLE}/SDKs/VVOSC/macosx.sdk/usr/local/include\"\nmkdir -p \"build/${BUILD_STYLE}/SDKs/VVOSC/iphoneos.sdk/usr/local/include\"\nmkdir -p \"build/${BUILD_STYLE}/SDKs/VVOSC/iphonesimulator.sdk/usr/local/include\"\ncp -RfH \"build/${BUILD_STYLE}/VVOSC.framework/Headers\" \"build/${BUILD_STYLE}/SDKs/VVOSC/macosx.sdk/usr/local/include/VVOSC\"\ncp -RfH \"build/${BUILD_STYLE}/VVOSC.framework/Headers\" \"build/${BUILD_STYLE}/SDKs/VVOSC/iphoneos.sdk/usr/local/include/VVOSC\"\ncp -RfH \"build/${BUILD_STYLE}/VVOSC.framework/Headers\" \"build/${BUILD_STYLE}/SDKs/VVOSC/iphonesimulator.sdk/usr/local/include/VVOSC\"\n\n#\tmodify the header files for the iphone SDKs\necho \"#define IPHONE 1\" > \"build/${BUILD_STYLE}/SDKs/VVOSC/iphoneos.sdk/usr/local/include/VVOSC/tmpFile.txt\"\ncat \"FrameworkSrc/VVOSC.h\" >> \"build/${BUILD_STYLE}/SDKs/VVOSC/iphoneos.sdk/usr/local/include/VVOSC/tmpFile.txt\"\ncp \"build/${BUILD_STYLE}/SDKs/VVOSC/iphoneos.sdk/usr/local/include/VVOSC/tmpFile.txt\" \"build/${BUILD_STYLE}/SDKs/VVOSC/iphonesimulator.sdk/usr/local/include/VVOSC/VVOSC.h\"\nmv \"build/${BUILD_STYLE}/SDKs/VVOSC/iphoneos.sdk/usr/local/include/VVOSC/tmpFile.txt\" \"build/${BUILD_STYLE}/SDKs/VVOSC/iphoneos.sdk/usr/local/include/VVOSC/VVOSC.h\"\n\n#\tcopy the sdk settings files\ncp -RfH \"iphoneosSDKSettings.plist\" \"build/${BUILD_STYLE}/SDKs/VVOSC/iphoneos.sdk/SDKSettings.plist\"\ncp -RfH \"iphonesimulatorSDKSettings.plist\" \"build/${BUILD_STYLE}/SDKs/VVOSC/iphonesimulator.sdk/SDKSettings.plist\"\n\n#\tdelete the build product folders for iphone stuff (tidying stuff up)\nrm -rf \"build/${BUILD_STYLE}-iphoneos\"\nrm -rf \"build/${BUILD_STYLE}-iphonesimulator\"\n\nexit 0";
		};
/* End PBXShellScriptBuildPhase section */

/* Begin PBXSourcesBuildPhase section */
		8DC2EF540486A6940098B216 /* Sources */ = {
			isa = PBXSourcesBuildPhase;
			buildActionMask = 2147483647;
			files = (
				964687D90E884F4E00CCC231 /* OSCOutPort.m in Sources */,
				964687DE0E884F4E00CCC231 /* OSCPacket.m in Sources */,
				964687DF0E884F4E00CCC231 /* OSCInPort.m in Sources */,
				964687E10E884F4E00CCC231 /* OSCBundle.m in Sources */,
				964687E30E884F4E00CCC231 /* OSCManager.m in Sources */,
				964687E40E884F4E00CCC231 /* OSCMessage.m in Sources */,
				9612C1910EEF81FC00BAD514 /* OSCZeroConfManager.m in Sources */,
				9612C1920EEF81FC00BAD514 /* OSCZeroConfDomain.m in Sources */,
				969F5BB00F505F7100430656 /* OSCValue.m in Sources */,
				969F5BB30F505F7100430656 /* OSCAddressSpace.m in Sources */,
				9652EDFC0F52290A006A23AB /* MutLockArray.m in Sources */,
				9652EE0B0F522A44006A23AB /* OSCNode.m in Sources */,
				966A89F70F536D1400188EB7 /* OSCStringAdditions.m in Sources */,
				966B7DC10F5721FB00AA5AB5 /* ThreadLoop.m in Sources */,
			);
			runOnlyForDeploymentPostprocessing = 0;
		};
		963E71CD0E993BB9007CF9D8 /* Sources */ = {
			isa = PBXSourcesBuildPhase;
			buildActionMask = 2147483647;
			files = (
				963E71E20E993BFB007CF9D8 /* main.m in Sources */,
				963E71E30E993BFB007CF9D8 /* AppController.m in Sources */,
				963E71E40E993BFC007CF9D8 /* MyOSCManager.m in Sources */,
				963E71E50E993BFD007CF9D8 /* OSCInPortRetainsRaw.m in Sources */,
			);
			runOnlyForDeploymentPostprocessing = 0;
		};
		967FDE390EFAA6A600BCF87E /* Sources */ = {
			isa = PBXSourcesBuildPhase;
			buildActionMask = 2147483647;
			files = (
				967FDE470EFAA6B000BCF87E /* OSCBundle.m in Sources */,
				967FDE490EFAA6B000BCF87E /* OSCInPort.m in Sources */,
				967FDE4B0EFAA6B100BCF87E /* OSCManager.m in Sources */,
				967FDE4D0EFAA6B200BCF87E /* OSCMessage.m in Sources */,
				967FDE4F0EFAA6B300BCF87E /* OSCOutPort.m in Sources */,
				967FDE510EFAA6B400BCF87E /* OSCPacket.m in Sources */,
				967FDE530EFAA6B500BCF87E /* OSCZeroConfDomain.m in Sources */,
				967FDE550EFAA6B500BCF87E /* OSCZeroConfManager.m in Sources */,
				969F5BAA0F505F7100430656 /* OSCValue.m in Sources */,
				969F5BAD0F505F7100430656 /* OSCAddressSpace.m in Sources */,
				9652EDFA0F52290A006A23AB /* MutLockArray.m in Sources */,
				9652EE090F522A44006A23AB /* OSCNode.m in Sources */,
				966A89F30F536D1400188EB7 /* OSCStringAdditions.m in Sources */,
				966B7DC50F5721FB00AA5AB5 /* ThreadLoop.m in Sources */,
			);
			runOnlyForDeploymentPostprocessing = 0;
		};
		96A059B10EFACDDB00E82377 /* Sources */ = {
			isa = PBXSourcesBuildPhase;
			buildActionMask = 2147483647;
			files = (
				96A059D00EFACE1E00E82377 /* OSCBundle.m in Sources */,
				96A059D20EFACE1F00E82377 /* OSCInPort.m in Sources */,
				96A059D40EFACE2000E82377 /* OSCManager.m in Sources */,
				96A059D60EFACE2100E82377 /* OSCMessage.m in Sources */,
				96A059D80EFACE2200E82377 /* OSCOutPort.m in Sources */,
				96A059DA0EFACE2300E82377 /* OSCPacket.m in Sources */,
				96A059DC0EFACE2400E82377 /* OSCZeroConfDomain.m in Sources */,
				96A059DE0EFACE2500E82377 /* OSCZeroConfManager.m in Sources */,
				969F5BA40F505F7100430656 /* OSCValue.m in Sources */,
				969F5BA70F505F7100430656 /* OSCAddressSpace.m in Sources */,
				9652EDFE0F52290A006A23AB /* MutLockArray.m in Sources */,
				9652EE0D0F522A44006A23AB /* OSCNode.m in Sources */,
				966A89F90F536D1400188EB7 /* OSCStringAdditions.m in Sources */,
				966B7DC30F5721FB00AA5AB5 /* ThreadLoop.m in Sources */,
			);
			runOnlyForDeploymentPostprocessing = 0;
		};
		96EB12290EFAA64300B2D581 /* Sources */ = {
			isa = PBXSourcesBuildPhase;
			buildActionMask = 2147483647;
			files = (
				96EB12330EFAA65600B2D581 /* OSCBundle.m in Sources */,
				96EB12350EFAA65700B2D581 /* OSCInPort.m in Sources */,
				96EB12370EFAA65800B2D581 /* OSCManager.m in Sources */,
				96EB12390EFAA65900B2D581 /* OSCMessage.m in Sources */,
				96EB123B0EFAA65A00B2D581 /* OSCOutPort.m in Sources */,
				96EB123D0EFAA65B00B2D581 /* OSCPacket.m in Sources */,
				96EB123F0EFAA65C00B2D581 /* OSCZeroConfDomain.m in Sources */,
				96EB12410EFAA65D00B2D581 /* OSCZeroConfManager.m in Sources */,
				969F5B9E0F505F7100430656 /* OSCValue.m in Sources */,
				969F5BA10F505F7100430656 /* OSCAddressSpace.m in Sources */,
				9652EE000F52290A006A23AB /* MutLockArray.m in Sources */,
				9652EE0F0F522A44006A23AB /* OSCNode.m in Sources */,
				966A89F50F536D1400188EB7 /* OSCStringAdditions.m in Sources */,
				966B7DBF0F5721FB00AA5AB5 /* ThreadLoop.m in Sources */,
			);
			runOnlyForDeploymentPostprocessing = 0;
		};
/* End PBXSourcesBuildPhase section */

/* Begin PBXTargetDependency section */
		962BCA140EFAE644006C3EFA /* PBXTargetDependency */ = {
			isa = PBXTargetDependency;
			target = 96EA49330EFAA91400AB3763 /* Compile VVOSC SDK */;
			targetProxy = 962BCA130EFAE644006C3EFA /* PBXContainerItemProxy */;
		};
		963059C70F03306900517B22 /* PBXTargetDependency */ = {
			isa = PBXTargetDependency;
			target = 963E71CF0E993BB9007CF9D8 /* VVOSCTester */;
			targetProxy = 963059C60F03306900517B22 /* PBXContainerItemProxy */;
		};
		963059C90F03307200517B22 /* PBXTargetDependency */ = {
			isa = PBXTargetDependency;
			target = 962BCA060EFAE639006C3EFA /* Install VVOSC SDK */;
			targetProxy = 963059C80F03307200517B22 /* PBXContainerItemProxy */;
		};
		96A059E30EFAD06500E82377 /* PBXTargetDependency */ = {
			isa = PBXTargetDependency;
			target = 96A059B30EFACDDB00E82377 /* VVOSC-os x */;
			targetProxy = 96A059E20EFAD06500E82377 /* PBXContainerItemProxy */;
		};
		96EA49470EFAAAC300AB3763 /* PBXTargetDependency */ = {
			isa = PBXTargetDependency;
			target = 8DC2EF4F0486A6940098B216 /* VVOSC framework */;
			targetProxy = 96EA49460EFAAAC300AB3763 /* PBXContainerItemProxy */;
		};
		96EA496B0EFAAE2A00AB3763 /* PBXTargetDependency */ = {
			isa = PBXTargetDependency;
			target = 8DC2EF4F0486A6940098B216 /* VVOSC framework */;
			targetProxy = 96EA496A0EFAAE2A00AB3763 /* PBXContainerItemProxy */;
		};
		96EF82DA0EFAB4A500E8AF16 /* PBXTargetDependency */ = {
			isa = PBXTargetDependency;
			target = 96EB122B0EFAA64300B2D581 /* VVOSC-iPhone sim */;
			targetProxy = 96EF82D90EFAB4A500E8AF16 /* PBXContainerItemProxy */;
		};
		96EF82DC0EFAB4A700E8AF16 /* PBXTargetDependency */ = {
			isa = PBXTargetDependency;
			target = 967FDE3B0EFAA6A600BCF87E /* VVOSC-iPhone dev */;
			targetProxy = 96EF82DB0EFAB4A700E8AF16 /* PBXContainerItemProxy */;
		};
/* End PBXTargetDependency section */

/* Begin PBXVariantGroup section */
		089C1666FE841158C02AAC07 /* InfoPlist.strings */ = {
			isa = PBXVariantGroup;
			children = (
				089C1667FE841158C02AAC07 /* English */,
			);
			name = InfoPlist.strings;
			sourceTree = "<group>";
		};
/* End PBXVariantGroup section */

/* Begin XCBuildConfiguration section */
		1DEB91AE08733DA50010E9CD /* Debug */ = {
			isa = XCBuildConfiguration;
			buildSettings = {
				ALWAYS_SEARCH_USER_PATHS = NO;
				COPY_PHASE_STRIP = NO;
				DYLIB_COMPATIBILITY_VERSION = 1;
				DYLIB_CURRENT_VERSION = 1;
				FRAMEWORK_VERSION = A;
				GCC_DYNAMIC_NO_PIC = NO;
				GCC_ENABLE_FIX_AND_CONTINUE = YES;
				GCC_MODEL_TUNING = G5;
				GCC_OPTIMIZATION_LEVEL = 0;
				GCC_PRECOMPILE_PREFIX_HEADER = YES;
				GCC_PREFIX_HEADER = VVOSC_Prefix.pch;
				INFOPLIST_FILE = Info.plist;
				INSTALL_PATH = "@executable_path/../Frameworks";
				LD_DYLIB_INSTALL_NAME = "@rpath/$(EXECUTABLE_PATH)";
				PRODUCT_NAME = VVOSC;
				WRAPPER_EXTENSION = framework;
			};
			name = Debug;
		};
		1DEB91AF08733DA50010E9CD /* Release */ = {
			isa = XCBuildConfiguration;
			buildSettings = {
				ALWAYS_SEARCH_USER_PATHS = NO;
				DEBUG_INFORMATION_FORMAT = "dwarf-with-dsym";
				DYLIB_COMPATIBILITY_VERSION = 1;
				DYLIB_CURRENT_VERSION = 1;
				FRAMEWORK_VERSION = A;
				GCC_MODEL_TUNING = G5;
				GCC_OPTIMIZATION_LEVEL = 0;
				GCC_PRECOMPILE_PREFIX_HEADER = YES;
				GCC_PREFIX_HEADER = VVOSC_Prefix.pch;
				INFOPLIST_FILE = Info.plist;
				INSTALL_PATH = "@executable_path/../Frameworks";
				PRODUCT_NAME = VVOSC;
				WRAPPER_EXTENSION = framework;
			};
			name = Release;
		};
		1DEB91B208733DA50010E9CD /* Debug */ = {
			isa = XCBuildConfiguration;
			buildSettings = {
				ARCHS = "$(ARCHS_STANDARD_32_BIT)";
				GCC_C_LANGUAGE_STANDARD = c99;
				GCC_OPTIMIZATION_LEVEL = 0;
				GCC_WARN_ABOUT_RETURN_TYPE = YES;
				GCC_WARN_UNUSED_VARIABLE = YES;
				ONLY_ACTIVE_ARCH = YES;
				PREBINDING = NO;
				SDKROOT = macosx10.5;
			};
			name = Debug;
		};
		1DEB91B308733DA50010E9CD /* Release */ = {
			isa = XCBuildConfiguration;
			buildSettings = {
				ARCHS = "$(ARCHS_STANDARD_32_BIT)";
				GCC_C_LANGUAGE_STANDARD = c99;
				GCC_WARN_ABOUT_RETURN_TYPE = YES;
				GCC_WARN_UNUSED_VARIABLE = YES;
				PREBINDING = NO;
				SDKROOT = macosx10.5;
			};
			name = Release;
		};
		962BCA110EFAE639006C3EFA /* Debug */ = {
			isa = XCBuildConfiguration;
			buildSettings = {
				COPY_PHASE_STRIP = NO;
				GCC_DYNAMIC_NO_PIC = NO;
				GCC_OPTIMIZATION_LEVEL = 0;
				PRODUCT_NAME = "INSTALL SDK";
			};
			name = Debug;
		};
		962BCA120EFAE639006C3EFA /* Release */ = {
			isa = XCBuildConfiguration;
			buildSettings = {
				COPY_PHASE_STRIP = YES;
				DEBUG_INFORMATION_FORMAT = "dwarf-with-dsym";
				GCC_ENABLE_FIX_AND_CONTINUE = NO;
				PRODUCT_NAME = "INSTALL SDK";
				ZERO_LINK = NO;
			};
			name = Release;
		};
		963059C40F03305500517B22 /* Debug */ = {
			isa = XCBuildConfiguration;
			buildSettings = {
				COPY_PHASE_STRIP = NO;
				GCC_DYNAMIC_NO_PIC = NO;
				GCC_OPTIMIZATION_LEVEL = 0;
				PRODUCT_NAME = ALL;
			};
			name = Debug;
		};
		963059C50F03305500517B22 /* Release */ = {
			isa = XCBuildConfiguration;
			buildSettings = {
				COPY_PHASE_STRIP = YES;
				DEBUG_INFORMATION_FORMAT = "dwarf-with-dsym";
				GCC_ENABLE_FIX_AND_CONTINUE = NO;
				PRODUCT_NAME = ALL;
				ZERO_LINK = NO;
			};
			name = Release;
		};
		963E71D30E993BBA007CF9D8 /* Debug */ = {
			isa = XCBuildConfiguration;
			buildSettings = {
				ALWAYS_SEARCH_USER_PATHS = NO;
				COPY_PHASE_STRIP = NO;
				GCC_DYNAMIC_NO_PIC = NO;
				GCC_ENABLE_FIX_AND_CONTINUE = YES;
				GCC_MODEL_TUNING = G5;
				GCC_OPTIMIZATION_LEVEL = 0;
				GCC_PRECOMPILE_PREFIX_HEADER = YES;
				GCC_PREFIX_HEADER = "$(SYSTEM_LIBRARY_DIR)/Frameworks/AppKit.framework/Headers/AppKit.h";
				INFOPLIST_FILE = "VVOSCTester-Info.plist";
				INSTALL_PATH = "$(HOME)/Applications";
				OTHER_LDFLAGS = (
					"-framework",
					Foundation,
					"-framework",
					AppKit,
				);
				PREBINDING = NO;
				PRODUCT_NAME = VVOSCTester;
			};
			name = Debug;
		};
		963E71D40E993BBA007CF9D8 /* Release */ = {
			isa = XCBuildConfiguration;
			buildSettings = {
				ALWAYS_SEARCH_USER_PATHS = NO;
				COPY_PHASE_STRIP = YES;
				DEBUG_INFORMATION_FORMAT = "dwarf-with-dsym";
				GCC_ENABLE_FIX_AND_CONTINUE = NO;
				GCC_MODEL_TUNING = G5;
				GCC_OPTIMIZATION_LEVEL = 0;
				GCC_PRECOMPILE_PREFIX_HEADER = YES;
				GCC_PREFIX_HEADER = "$(SYSTEM_LIBRARY_DIR)/Frameworks/AppKit.framework/Headers/AppKit.h";
				INFOPLIST_FILE = "VVOSCTester-Info.plist";
				INSTALL_PATH = "$(HOME)/Applications";
				OTHER_LDFLAGS = (
					"-framework",
					Foundation,
					"-framework",
					AppKit,
				);
				PREBINDING = NO;
				PRODUCT_NAME = VVOSCTester;
				ZERO_LINK = NO;
			};
			name = Release;
		};
		967FDE420EFAA6A700BCF87E /* Debug */ = {
			isa = XCBuildConfiguration;
			buildSettings = {
				ALWAYS_SEARCH_USER_PATHS = NO;
				COPY_PHASE_STRIP = NO;
				GCC_DYNAMIC_NO_PIC = NO;
				GCC_OPTIMIZATION_LEVEL = 0;
				ONLY_ACTIVE_ARCH = NO;
				OTHER_CFLAGS = "-DIPHONE";
				PREBINDING = NO;
				PRODUCT_NAME = VVOSC;
				SDKROOT = iphoneos2.2;
			};
			name = Debug;
		};
		967FDE430EFAA6A700BCF87E /* Release */ = {
			isa = XCBuildConfiguration;
			buildSettings = {
				ALWAYS_SEARCH_USER_PATHS = NO;
				COPY_PHASE_STRIP = YES;
				DEBUG_INFORMATION_FORMAT = "dwarf-with-dsym";
				GCC_ENABLE_FIX_AND_CONTINUE = NO;
				GCC_OPTIMIZATION_LEVEL = 0;
				OTHER_CFLAGS = "-DIPHONE";
				PREBINDING = NO;
				PRODUCT_NAME = VVOSC;
				SDKROOT = iphoneos2.2;
				ZERO_LINK = NO;
			};
			name = Release;
		};
		96A059BF0EFACDDB00E82377 /* Debug */ = {
			isa = XCBuildConfiguration;
			buildSettings = {
				ALWAYS_SEARCH_USER_PATHS = NO;
				COPY_PHASE_STRIP = NO;
				GCC_DYNAMIC_NO_PIC = NO;
				GCC_ENABLE_FIX_AND_CONTINUE = YES;
				GCC_MODEL_TUNING = G5;
				GCC_OPTIMIZATION_LEVEL = 0;
				GCC_PRECOMPILE_PREFIX_HEADER = YES;
				GCC_PREFIX_HEADER = "$(SYSTEM_LIBRARY_DIR)/Frameworks/AppKit.framework/Headers/AppKit.h";
				INSTALL_PATH = /usr/local/lib;
				OTHER_LDFLAGS = (
					"-framework",
					Foundation,
					"-framework",
					AppKit,
				);
				PREBINDING = NO;
				PRODUCT_NAME = VVOSC;
			};
			name = Debug;
		};
		96A059C00EFACDDB00E82377 /* Release */ = {
			isa = XCBuildConfiguration;
			buildSettings = {
				ALWAYS_SEARCH_USER_PATHS = NO;
				COPY_PHASE_STRIP = YES;
				DEBUG_INFORMATION_FORMAT = "dwarf-with-dsym";
				GCC_ENABLE_FIX_AND_CONTINUE = NO;
				GCC_MODEL_TUNING = G5;
				GCC_OPTIMIZATION_LEVEL = 0;
				GCC_PRECOMPILE_PREFIX_HEADER = YES;
				GCC_PREFIX_HEADER = "$(SYSTEM_LIBRARY_DIR)/Frameworks/AppKit.framework/Headers/AppKit.h";
				INSTALL_PATH = /usr/local/lib;
				OTHER_LDFLAGS = (
					"-framework",
					Foundation,
					"-framework",
					AppKit,
				);
				PREBINDING = NO;
				PRODUCT_NAME = VVOSC;
				ZERO_LINK = NO;
			};
			name = Release;
		};
		96EA49340EFAA91400AB3763 /* Debug */ = {
			isa = XCBuildConfiguration;
			buildSettings = {
				COPY_PHASE_STRIP = NO;
				GCC_DYNAMIC_NO_PIC = NO;
				GCC_OPTIMIZATION_LEVEL = 0;
				PRODUCT_NAME = "Assemble Frameworks";
			};
			name = Debug;
		};
		96EA49350EFAA91400AB3763 /* Release */ = {
			isa = XCBuildConfiguration;
			buildSettings = {
				COPY_PHASE_STRIP = YES;
				DEBUG_INFORMATION_FORMAT = "dwarf-with-dsym";
				GCC_ENABLE_FIX_AND_CONTINUE = NO;
				PRODUCT_NAME = "Assemble Frameworks";
				ZERO_LINK = NO;
			};
			name = Release;
		};
		96EB122E0EFAA64300B2D581 /* Debug */ = {
			isa = XCBuildConfiguration;
			buildSettings = {
				ALWAYS_SEARCH_USER_PATHS = NO;
				COPY_PHASE_STRIP = NO;
				GCC_DYNAMIC_NO_PIC = NO;
				GCC_OPTIMIZATION_LEVEL = 0;
				OTHER_CFLAGS = "-DIPHONE";
				PREBINDING = NO;
				PRODUCT_NAME = VVOSC;
				SDKROOT = iphonesimulator2.2;
			};
			name = Debug;
		};
		96EB122F0EFAA64300B2D581 /* Release */ = {
			isa = XCBuildConfiguration;
			buildSettings = {
				ALWAYS_SEARCH_USER_PATHS = NO;
				COPY_PHASE_STRIP = YES;
				DEBUG_INFORMATION_FORMAT = "dwarf-with-dsym";
				GCC_ENABLE_FIX_AND_CONTINUE = NO;
				GCC_OPTIMIZATION_LEVEL = 0;
				OTHER_CFLAGS = "-DIPHONE";
				PREBINDING = NO;
				PRODUCT_NAME = VVOSC;
				SDKROOT = iphonesimulator2.2;
				ZERO_LINK = NO;
			};
			name = Release;
		};
/* End XCBuildConfiguration section */

/* Begin XCConfigurationList section */
		1DEB91AD08733DA50010E9CD /* Build configuration list for PBXNativeTarget "VVOSC framework" */ = {
			isa = XCConfigurationList;
			buildConfigurations = (
				1DEB91AE08733DA50010E9CD /* Debug */,
				1DEB91AF08733DA50010E9CD /* Release */,
			);
			defaultConfigurationIsVisible = 0;
			defaultConfigurationName = Release;
		};
		1DEB91B108733DA50010E9CD /* Build configuration list for PBXProject "VVOSC" */ = {
			isa = XCConfigurationList;
			buildConfigurations = (
				1DEB91B208733DA50010E9CD /* Debug */,
				1DEB91B308733DA50010E9CD /* Release */,
			);
			defaultConfigurationIsVisible = 0;
			defaultConfigurationName = Release;
		};
		962BCA150EFAE662006C3EFA /* Build configuration list for PBXAggregateTarget "Install VVOSC SDK" */ = {
			isa = XCConfigurationList;
			buildConfigurations = (
				962BCA110EFAE639006C3EFA /* Debug */,
				962BCA120EFAE639006C3EFA /* Release */,
			);
			defaultConfigurationIsVisible = 0;
			defaultConfigurationName = Release;
		};
		963059D30F03308A00517B22 /* Build configuration list for PBXAggregateTarget "ALL" */ = {
			isa = XCConfigurationList;
			buildConfigurations = (
				963059C40F03305500517B22 /* Debug */,
				963059C50F03305500517B22 /* Release */,
			);
			defaultConfigurationIsVisible = 0;
			defaultConfigurationName = Release;
		};
		963E71D50E993BBA007CF9D8 /* Build configuration list for PBXNativeTarget "VVOSCTester" */ = {
			isa = XCConfigurationList;
			buildConfigurations = (
				963E71D30E993BBA007CF9D8 /* Debug */,
				963E71D40E993BBA007CF9D8 /* Release */,
			);
			defaultConfigurationIsVisible = 0;
			defaultConfigurationName = Release;
		};
		967FDE5A0EFAA6DC00BCF87E /* Build configuration list for PBXNativeTarget "VVOSC-iPhone dev" */ = {
			isa = XCConfigurationList;
			buildConfigurations = (
				967FDE420EFAA6A700BCF87E /* Debug */,
				967FDE430EFAA6A700BCF87E /* Release */,
			);
			defaultConfigurationIsVisible = 0;
			defaultConfigurationName = Release;
		};
		96A059CA0EFACDFF00E82377 /* Build configuration list for PBXNativeTarget "VVOSC-os x" */ = {
			isa = XCConfigurationList;
			buildConfigurations = (
				96A059BF0EFACDDB00E82377 /* Debug */,
				96A059C00EFACDDB00E82377 /* Release */,
			);
			defaultConfigurationIsVisible = 0;
			defaultConfigurationName = Release;
		};
		96EA49370EFAA91E00AB3763 /* Build configuration list for PBXAggregateTarget "Compile VVOSC SDK" */ = {
			isa = XCConfigurationList;
			buildConfigurations = (
				96EA49340EFAA91400AB3763 /* Debug */,
				96EA49350EFAA91400AB3763 /* Release */,
			);
			defaultConfigurationIsVisible = 0;
			defaultConfigurationName = Release;
		};
		96EB12430EFAA66600B2D581 /* Build configuration list for PBXNativeTarget "VVOSC-iPhone sim" */ = {
			isa = XCConfigurationList;
			buildConfigurations = (
				96EB122E0EFAA64300B2D581 /* Debug */,
				96EB122F0EFAA64300B2D581 /* Release */,
			);
			defaultConfigurationIsVisible = 0;
			defaultConfigurationName = Release;
		};
/* End XCConfigurationList section */
	};
	rootObject = 0867D690FE84028FC02AAC07 /* Project object */;
}
